PODS:
  - OneSignal (2.5.4)
  - SwiftLint (0.27.0)
  - SwiftRangeSlider (1.1.0)
  - SwiftyJSON (3.1.4)

DEPENDENCIES:
  - OneSignal (< 3.0, >= 2.5.2)
  - SwiftLint
  - SwiftRangeSlider (from `https://github.com/armada-ths/SwiftRangeSlider`, commit `ba768727b239cdd19ffb56cc8f2f2fd41ee2ed06`)
  - SwiftyJSON

SPEC REPOS:
  https://github.com/cocoapods/specs.git:
    - OneSignal
    - SwiftLint
    - SwiftyJSON

EXTERNAL SOURCES:
  SwiftRangeSlider:
    :commit: ba768727b239cdd19ffb56cc8f2f2fd41ee2ed06
    :git: https://github.com/armada-ths/SwiftRangeSlider

CHECKOUT OPTIONS:
  SwiftRangeSlider:
    :commit: ba768727b239cdd19ffb56cc8f2f2fd41ee2ed06
    :git: https://github.com/armada-ths/SwiftRangeSlider

SPEC CHECKSUMS:
  OneSignal: da994bcf6a2efbdceaf71e389e1d05245c562899
  SwiftLint: 3207c1faa2240bf8973b191820a116113cd11073
  SwiftRangeSlider: ceae77620845ee87c6c137276f34f396dd0178c5
  SwiftyJSON: c2842d878f95482ffceec5709abc3d05680c0220

PODFILE CHECKSUM: 99351dadf7df5b9e27660fa86eb2286bf325f4b8

COCOAPODS: 1.5.3
