PODS:
  - SDWebImage (4.4.2):
    - SDWebImage/Core (= 4.4.2)
  - SDWebImage/Core (4.4.2)
  - SwiftLint (0.27.0)
  - SwiftyJSON (3.1.4)

DEPENDENCIES:
  - SDWebImage (~> 4.0)
  - SwiftLint
  - SwiftyJSON

SPEC REPOS:
  https://github.com/cocoapods/specs.git:
    - SDWebImage
    - SwiftLint
    - SwiftyJSON

SPEC CHECKSUMS:
  SDWebImage: 624d6e296c69b244bcede364c72ae0430ac14681
  SwiftLint: 3207c1faa2240bf8973b191820a116113cd11073
  SwiftyJSON: c2842d878f95482ffceec5709abc3d05680c0220

PODFILE CHECKSUM: ac89a4e246bf09f302d185d3cb772761e71f34e8

COCOAPODS: 1.5.3
