// !$*UTF8*$!
{
	archiveVersion = 1;
	classes = {
	};
	objectVersion = 46;
	objects = {

/* Begin PBXBuildFile section */
		2602AD551B14F2A100B0DB32 /* DataDude.swift in Sources */ = {isa = PBXBuildFile; fileRef = 2602AD541B14F2A100B0DB32 /* DataDude.swift */; };
		2602AD5A1B14F4D500B0DB32 /* companies.json in Resources */ = {isa = PBXBuildFile; fileRef = 2602AD591B14F4D500B0DB32 /* companies.json */; };
		2602AD5B1B14F5DA00B0DB32 /* DataDude.swift in Sources */ = {isa = PBXBuildFile; fileRef = 2602AD541B14F2A100B0DB32 /* DataDude.swift */; };
		2602AD5E1B1511A000B0DB32 /* events.json in Resources */ = {isa = PBXBuildFile; fileRef = 2602AD5D1B1511A000B0DB32 /* events.json */; };
		2602AD601B15133D00B0DB32 /* ArmadaEventTableViewController.swift in Sources */ = {isa = PBXBuildFile; fileRef = 2602AD5F1B15133D00B0DB32 /* ArmadaEventTableViewController.swift */; };
		2602AD621B15135400B0DB32 /* ArmadaEventTableViewCell.swift in Sources */ = {isa = PBXBuildFile; fileRef = 2602AD611B15135400B0DB32 /* ArmadaEventTableViewCell.swift */; };
		2602AD641B152E6C00B0DB32 /* ArmadaEventDetailTableViewController.swift in Sources */ = {isa = PBXBuildFile; fileRef = 2602AD631B152E6C00B0DB32 /* ArmadaEventDetailTableViewController.swift */; };
		265B7DE21B053A080074450B /* AppDelegate.swift in Sources */ = {isa = PBXBuildFile; fileRef = 265B7DE11B053A080074450B /* AppDelegate.swift */; };
		265B7DE91B053A080074450B /* Main.storyboard in Resources */ = {isa = PBXBuildFile; fileRef = 265B7DE71B053A080074450B /* Main.storyboard */; };
		265B7DEB1B053A080074450B /* Images.xcassets in Resources */ = {isa = PBXBuildFile; fileRef = 265B7DEA1B053A080074450B /* Images.xcassets */; };
		265B7DEE1B053A080074450B /* LaunchScreen.xib in Resources */ = {isa = PBXBuildFile; fileRef = 265B7DEC1B053A080074450B /* LaunchScreen.xib */; };
		265B7DFA1B053A080074450B /* TeststsTests.swift in Sources */ = {isa = PBXBuildFile; fileRef = 265B7DF91B053A080074450B /* TeststsTests.swift */; };
		265B7E041B0543820074450B /* fontawesome-webfont.ttf in Resources */ = {isa = PBXBuildFile; fileRef = 265B7E031B0543690074450B /* fontawesome-webfont.ttf */; };
		2671038C1B06B81D00C79164 /* CompanyViewController.swift in Sources */ = {isa = PBXBuildFile; fileRef = 2671038B1B06B81D00C79164 /* CompanyViewController.swift */; };
		26A15D401B07C5F500793724 /* CatalogueFilterTableViewController.swift in Sources */ = {isa = PBXBuildFile; fileRef = 26A15D3F1B07C5F500793724 /* CatalogueFilterTableViewController.swift */; };
		26BD3D3B1B1607AF00CD0572 /* FavoriteCompanies.swift in Sources */ = {isa = PBXBuildFile; fileRef = 26BD3D3A1B1607AF00CD0572 /* FavoriteCompanies.swift */; };
		26BD3D3D1B1607D800CD0572 /* CommonExtensions.swift in Sources */ = {isa = PBXBuildFile; fileRef = 26BD3D3C1B1607D800CD0572 /* CommonExtensions.swift */; };
		26C9607C1B06A434005A13E7 /* CatalogueTableViewController.swift in Sources */ = {isa = PBXBuildFile; fileRef = 26C9607B1B06A434005A13E7 /* CatalogueTableViewController.swift */; };
		26C9607E1B06A61A005A13E7 /* CompanyTableViewCell.swift in Sources */ = {isa = PBXBuildFile; fileRef = 26C9607D1B06A61A005A13E7 /* CompanyTableViewCell.swift */; };
		26FEE7491B1549BF00B7332C /* news.json in Resources */ = {isa = PBXBuildFile; fileRef = 26FEE7481B1549BF00B7332C /* news.json */; };
		DA0006941B153B6A006BFDBD /* NewsTableViewCell.swift in Sources */ = {isa = PBXBuildFile; fileRef = DA0006931B153B6A006BFDBD /* NewsTableViewCell.swift */; };
		DA0006961B153C54006BFDBD /* NewsTableViewController.swift in Sources */ = {isa = PBXBuildFile; fileRef = DA0006951B153C54006BFDBD /* NewsTableViewController.swift */; };
		DAC451791B1541D3002592F8 /* NewsDetailTableViewController.swift in Sources */ = {isa = PBXBuildFile; fileRef = DAC451781B1541D3002592F8 /* NewsDetailTableViewController.swift */; };
/* End PBXBuildFile section */

/* Begin PBXContainerItemProxy section */
		265B7DF41B053A080074450B /* PBXContainerItemProxy */ = {
			isa = PBXContainerItemProxy;
			containerPortal = 265B7DD41B053A080074450B /* Project object */;
			proxyType = 1;
			remoteGlobalIDString = 265B7DDB1B053A080074450B;
			remoteInfo = Teststs;
		};
/* End PBXContainerItemProxy section */

/* Begin PBXFileReference section */
		2602AD541B14F2A100B0DB32 /* DataDude.swift */ = {isa = PBXFileReference; fileEncoding = 4; lastKnownFileType = sourcecode.swift; path = DataDude.swift; sourceTree = "<group>"; };
		2602AD591B14F4D500B0DB32 /* companies.json */ = {isa = PBXFileReference; fileEncoding = 4; lastKnownFileType = text.json; path = companies.json; sourceTree = "<group>"; };
		2602AD5D1B1511A000B0DB32 /* events.json */ = {isa = PBXFileReference; fileEncoding = 4; lastKnownFileType = text.json; path = events.json; sourceTree = "<group>"; };
		2602AD5F1B15133D00B0DB32 /* ArmadaEventTableViewController.swift */ = {isa = PBXFileReference; fileEncoding = 4; lastKnownFileType = sourcecode.swift; path = ArmadaEventTableViewController.swift; sourceTree = "<group>"; };
		2602AD611B15135400B0DB32 /* ArmadaEventTableViewCell.swift */ = {isa = PBXFileReference; fileEncoding = 4; lastKnownFileType = sourcecode.swift; path = ArmadaEventTableViewCell.swift; sourceTree = "<group>"; };
		2602AD631B152E6C00B0DB32 /* ArmadaEventDetailTableViewController.swift */ = {isa = PBXFileReference; fileEncoding = 4; lastKnownFileType = sourcecode.swift; path = ArmadaEventDetailTableViewController.swift; sourceTree = "<group>"; };
		265B7DDC1B053A080074450B /* Teststs.app */ = {isa = PBXFileReference; explicitFileType = wrapper.application; includeInIndex = 0; path = Teststs.app; sourceTree = BUILT_PRODUCTS_DIR; };
		265B7DE01B053A080074450B /* Info.plist */ = {isa = PBXFileReference; lastKnownFileType = text.plist.xml; path = Info.plist; sourceTree = "<group>"; };
		265B7DE11B053A080074450B /* AppDelegate.swift */ = {isa = PBXFileReference; lastKnownFileType = sourcecode.swift; path = AppDelegate.swift; sourceTree = "<group>"; };
		265B7DE81B053A080074450B /* Base */ = {isa = PBXFileReference; lastKnownFileType = file.storyboard; name = Base; path = Base.lproj/Main.storyboard; sourceTree = "<group>"; };
		265B7DEA1B053A080074450B /* Images.xcassets */ = {isa = PBXFileReference; lastKnownFileType = folder.assetcatalog; path = Images.xcassets; sourceTree = "<group>"; };
		265B7DED1B053A080074450B /* Base */ = {isa = PBXFileReference; lastKnownFileType = file.xib; name = Base; path = Base.lproj/LaunchScreen.xib; sourceTree = "<group>"; };
		265B7DF31B053A080074450B /* TeststsTests.xctest */ = {isa = PBXFileReference; explicitFileType = wrapper.cfbundle; includeInIndex = 0; path = TeststsTests.xctest; sourceTree = BUILT_PRODUCTS_DIR; };
		265B7DF81B053A080074450B /* Info.plist */ = {isa = PBXFileReference; lastKnownFileType = text.plist.xml; path = Info.plist; sourceTree = "<group>"; };
		265B7DF91B053A080074450B /* TeststsTests.swift */ = {isa = PBXFileReference; lastKnownFileType = sourcecode.swift; path = TeststsTests.swift; sourceTree = "<group>"; };
		265B7E031B0543690074450B /* fontawesome-webfont.ttf */ = {isa = PBXFileReference; lastKnownFileType = file; path = "fontawesome-webfont.ttf"; sourceTree = "<group>"; };
		2671038B1B06B81D00C79164 /* CompanyViewController.swift */ = {isa = PBXFileReference; fileEncoding = 4; lastKnownFileType = sourcecode.swift; path = CompanyViewController.swift; sourceTree = "<group>"; };
		26A15D3F1B07C5F500793724 /* CatalogueFilterTableViewController.swift */ = {isa = PBXFileReference; fileEncoding = 4; lastKnownFileType = sourcecode.swift; path = CatalogueFilterTableViewController.swift; sourceTree = "<group>"; };
		26BD3D3A1B1607AF00CD0572 /* FavoriteCompanies.swift */ = {isa = PBXFileReference; fileEncoding = 4; lastKnownFileType = sourcecode.swift; path = FavoriteCompanies.swift; sourceTree = "<group>"; };
		26BD3D3C1B1607D800CD0572 /* CommonExtensions.swift */ = {isa = PBXFileReference; fileEncoding = 4; lastKnownFileType = sourcecode.swift; path = CommonExtensions.swift; sourceTree = "<group>"; };
		26C9607B1B06A434005A13E7 /* CatalogueTableViewController.swift */ = {isa = PBXFileReference; fileEncoding = 4; lastKnownFileType = sourcecode.swift; path = CatalogueTableViewController.swift; sourceTree = "<group>"; };
		26C9607D1B06A61A005A13E7 /* CompanyTableViewCell.swift */ = {isa = PBXFileReference; fileEncoding = 4; lastKnownFileType = sourcecode.swift; path = CompanyTableViewCell.swift; sourceTree = "<group>"; };
		26FEE7481B1549BF00B7332C /* news.json */ = {isa = PBXFileReference; fileEncoding = 4; lastKnownFileType = text.json; path = news.json; sourceTree = "<group>"; };
		DA0006931B153B6A006BFDBD /* NewsTableViewCell.swift */ = {isa = PBXFileReference; fileEncoding = 4; lastKnownFileType = sourcecode.swift; path = NewsTableViewCell.swift; sourceTree = "<group>"; };
		DA0006951B153C54006BFDBD /* NewsTableViewController.swift */ = {isa = PBXFileReference; fileEncoding = 4; lastKnownFileType = sourcecode.swift; path = NewsTableViewController.swift; sourceTree = "<group>"; };
		DAC451781B1541D3002592F8 /* NewsDetailTableViewController.swift */ = {isa = PBXFileReference; fileEncoding = 4; lastKnownFileType = sourcecode.swift; path = NewsDetailTableViewController.swift; sourceTree = "<group>"; };
/* End PBXFileReference section */

/* Begin PBXFrameworksBuildPhase section */
		265B7DD91B053A080074450B /* Frameworks */ = {
			isa = PBXFrameworksBuildPhase;
			buildActionMask = 2147483647;
			files = (
			);
			runOnlyForDeploymentPostprocessing = 0;
		};
		265B7DF01B053A080074450B /* Frameworks */ = {
			isa = PBXFrameworksBuildPhase;
			buildActionMask = 2147483647;
			files = (
			);
			runOnlyForDeploymentPostprocessing = 0;
		};
/* End PBXFrameworksBuildPhase section */

/* Begin PBXGroup section */
		265B7DD31B053A080074450B = {
			isa = PBXGroup;
			children = (
				265B7DDE1B053A080074450B /* Teststs */,
				265B7DF61B053A080074450B /* TeststsTests */,
				265B7DDD1B053A080074450B /* Products */,
			);
			sourceTree = "<group>";
		};
		265B7DDD1B053A080074450B /* Products */ = {
			isa = PBXGroup;
			children = (
				265B7DDC1B053A080074450B /* Teststs.app */,
				265B7DF31B053A080074450B /* TeststsTests.xctest */,
			);
			name = Products;
			sourceTree = "<group>";
		};
		265B7DDE1B053A080074450B /* Teststs */ = {
			isa = PBXGroup;
			children = (
				265B7DE11B053A080074450B /* AppDelegate.swift */,
				26C9607B1B06A434005A13E7 /* CatalogueTableViewController.swift */,
				26BD3D3A1B1607AF00CD0572 /* FavoriteCompanies.swift */,
				2671038B1B06B81D00C79164 /* CompanyViewController.swift */,
				26BD3D3C1B1607D800CD0572 /* CommonExtensions.swift */,
				2602AD541B14F2A100B0DB32 /* DataDude.swift */,
				26A15D3F1B07C5F500793724 /* CatalogueFilterTableViewController.swift */,
				2602AD5F1B15133D00B0DB32 /* ArmadaEventTableViewController.swift */,
				2602AD611B15135400B0DB32 /* ArmadaEventTableViewCell.swift */,
				26C9607D1B06A61A005A13E7 /* CompanyTableViewCell.swift */,
				2602AD631B152E6C00B0DB32 /* ArmadaEventDetailTableViewController.swift */,
				265B7DE71B053A080074450B /* Main.storyboard */,
				265B7DEA1B053A080074450B /* Images.xcassets */,
				265B7DEC1B053A080074450B /* LaunchScreen.xib */,
				265B7DDF1B053A080074450B /* Supporting Files */,
				DA0006931B153B6A006BFDBD /* NewsTableViewCell.swift */,
				DA0006951B153C54006BFDBD /* NewsTableViewController.swift */,
				DAC451781B1541D3002592F8 /* NewsDetailTableViewController.swift */,
			);
			path = Teststs;
			sourceTree = "<group>";
		};
		265B7DDF1B053A080074450B /* Supporting Files */ = {
			isa = PBXGroup;
			children = (
				265B7E031B0543690074450B /* fontawesome-webfont.ttf */,
				265B7DE01B053A080074450B /* Info.plist */,
			);
			name = "Supporting Files";
			sourceTree = "<group>";
		};
		265B7DF61B053A080074450B /* TeststsTests */ = {
			isa = PBXGroup;
			children = (
				265B7DF91B053A080074450B /* TeststsTests.swift */,
				26FEE7481B1549BF00B7332C /* news.json */,
				2602AD5D1B1511A000B0DB32 /* events.json */,
				2602AD591B14F4D500B0DB32 /* companies.json */,
				265B7DF71B053A080074450B /* Supporting Files */,
			);
			path = TeststsTests;
			sourceTree = "<group>";
		};
		265B7DF71B053A080074450B /* Supporting Files */ = {
			isa = PBXGroup;
			children = (
				265B7DF81B053A080074450B /* Info.plist */,
			);
			name = "Supporting Files";
			sourceTree = "<group>";
		};
/* End PBXGroup section */

/* Begin PBXNativeTarget section */
		265B7DDB1B053A080074450B /* Teststs */ = {
			isa = PBXNativeTarget;
			buildConfigurationList = 265B7DFD1B053A080074450B /* Build configuration list for PBXNativeTarget "Teststs" */;
			buildPhases = (
				265B7DD81B053A080074450B /* Sources */,
				265B7DD91B053A080074450B /* Frameworks */,
				265B7DDA1B053A080074450B /* Resources */,
			);
			buildRules = (
			);
			dependencies = (
			);
			name = Teststs;
			productName = Teststs;
			productReference = 265B7DDC1B053A080074450B /* Teststs.app */;
			productType = "com.apple.product-type.application";
		};
		265B7DF21B053A080074450B /* TeststsTests */ = {
			isa = PBXNativeTarget;
			buildConfigurationList = 265B7E001B053A080074450B /* Build configuration list for PBXNativeTarget "TeststsTests" */;
			buildPhases = (
				265B7DEF1B053A080074450B /* Sources */,
				265B7DF01B053A080074450B /* Frameworks */,
				265B7DF11B053A080074450B /* Resources */,
			);
			buildRules = (
			);
			dependencies = (
				265B7DF51B053A080074450B /* PBXTargetDependency */,
			);
			name = TeststsTests;
			productName = TeststsTests;
			productReference = 265B7DF31B053A080074450B /* TeststsTests.xctest */;
			productType = "com.apple.product-type.bundle.unit-test";
		};
/* End PBXNativeTarget section */

/* Begin PBXProject section */
		265B7DD41B053A080074450B /* Project object */ = {
			isa = PBXProject;
			attributes = {
				LastUpgradeCheck = 0630;
				ORGANIZATIONNAME = "Sami Purmonen";
				TargetAttributes = {
					265B7DDB1B053A080074450B = {
						CreatedOnToolsVersion = 6.3.1;
					};
					265B7DF21B053A080074450B = {
						CreatedOnToolsVersion = 6.3.1;
						TestTargetID = 265B7DDB1B053A080074450B;
					};
				};
			};
			buildConfigurationList = 265B7DD71B053A080074450B /* Build configuration list for PBXProject "Teststs" */;
			compatibilityVersion = "Xcode 3.2";
			developmentRegion = English;
			hasScannedForEncodings = 0;
			knownRegions = (
				en,
				Base,
			);
			mainGroup = 265B7DD31B053A080074450B;
			productRefGroup = 265B7DDD1B053A080074450B /* Products */;
			projectDirPath = "";
			projectRoot = "";
			targets = (
				265B7DDB1B053A080074450B /* Teststs */,
				265B7DF21B053A080074450B /* TeststsTests */,
			);
		};
/* End PBXProject section */

/* Begin PBXResourcesBuildPhase section */
		265B7DDA1B053A080074450B /* Resources */ = {
			isa = PBXResourcesBuildPhase;
			buildActionMask = 2147483647;
			files = (
				265B7DE91B053A080074450B /* Main.storyboard in Resources */,
				265B7E041B0543820074450B /* fontawesome-webfont.ttf in Resources */,
				265B7DEE1B053A080074450B /* LaunchScreen.xib in Resources */,
				265B7DEB1B053A080074450B /* Images.xcassets in Resources */,
			);
			runOnlyForDeploymentPostprocessing = 0;
		};
		265B7DF11B053A080074450B /* Resources */ = {
			isa = PBXResourcesBuildPhase;
			buildActionMask = 2147483647;
			files = (
				26FEE7491B1549BF00B7332C /* news.json in Resources */,
				2602AD5E1B1511A000B0DB32 /* events.json in Resources */,
				2602AD5A1B14F4D500B0DB32 /* companies.json in Resources */,
			);
			runOnlyForDeploymentPostprocessing = 0;
		};
/* End PBXResourcesBuildPhase section */

/* Begin PBXSourcesBuildPhase section */
		265B7DD81B053A080074450B /* Sources */ = {
			isa = PBXSourcesBuildPhase;
			buildActionMask = 2147483647;
			files = (
				26C9607C1B06A434005A13E7 /* CatalogueTableViewController.swift in Sources */,
				DAC451791B1541D3002592F8 /* NewsDetailTableViewController.swift in Sources */,
				2602AD601B15133D00B0DB32 /* ArmadaEventTableViewController.swift in Sources */,
				2602AD551B14F2A100B0DB32 /* DataDude.swift in Sources */,
				2671038C1B06B81D00C79164 /* CompanyViewController.swift in Sources */,
				DA0006961B153C54006BFDBD /* NewsTableViewController.swift in Sources */,
				26BD3D3D1B1607D800CD0572 /* CommonExtensions.swift in Sources */,
				DA0006941B153B6A006BFDBD /* NewsTableViewCell.swift in Sources */,
				2602AD621B15135400B0DB32 /* ArmadaEventTableViewCell.swift in Sources */,
				2602AD641B152E6C00B0DB32 /* ArmadaEventDetailTableViewController.swift in Sources */,
				26C9607E1B06A61A005A13E7 /* CompanyTableViewCell.swift in Sources */,
				26A15D401B07C5F500793724 /* CatalogueFilterTableViewController.swift in Sources */,
				265B7DE21B053A080074450B /* AppDelegate.swift in Sources */,
				26BD3D3B1B1607AF00CD0572 /* FavoriteCompanies.swift in Sources */,
			);
			runOnlyForDeploymentPostprocessing = 0;
		};
		265B7DEF1B053A080074450B /* Sources */ = {
			isa = PBXSourcesBuildPhase;
			buildActionMask = 2147483647;
			files = (
				265B7DFA1B053A080074450B /* TeststsTests.swift in Sources */,
				2602AD5B1B14F5DA00B0DB32 /* DataDude.swift in Sources */,
			);
			runOnlyForDeploymentPostprocessing = 0;
		};
/* End PBXSourcesBuildPhase section */

/* Begin PBXTargetDependency section */
		265B7DF51B053A080074450B /* PBXTargetDependency */ = {
			isa = PBXTargetDependency;
			target = 265B7DDB1B053A080074450B /* Teststs */;
			targetProxy = 265B7DF41B053A080074450B /* PBXContainerItemProxy */;
		};
/* End PBXTargetDependency section */

/* Begin PBXVariantGroup section */
		265B7DE71B053A080074450B /* Main.storyboard */ = {
			isa = PBXVariantGroup;
			children = (
				265B7DE81B053A080074450B /* Base */,
			);
			name = Main.storyboard;
			sourceTree = "<group>";
		};
		265B7DEC1B053A080074450B /* LaunchScreen.xib */ = {
			isa = PBXVariantGroup;
			children = (
				265B7DED1B053A080074450B /* Base */,
			);
			name = LaunchScreen.xib;
			sourceTree = "<group>";
		};
/* End PBXVariantGroup section */

/* Begin XCBuildConfiguration section */
		265B7DFB1B053A080074450B /* Debug */ = {
			isa = XCBuildConfiguration;
			buildSettings = {
				ALWAYS_SEARCH_USER_PATHS = NO;
				CLANG_CXX_LANGUAGE_STANDARD = "gnu++0x";
				CLANG_CXX_LIBRARY = "libc++";
				CLANG_ENABLE_MODULES = YES;
				CLANG_ENABLE_OBJC_ARC = YES;
				CLANG_WARN_BOOL_CONVERSION = YES;
				CLANG_WARN_CONSTANT_CONVERSION = YES;
				CLANG_WARN_DIRECT_OBJC_ISA_USAGE = YES_ERROR;
				CLANG_WARN_EMPTY_BODY = YES;
				CLANG_WARN_ENUM_CONVERSION = YES;
				CLANG_WARN_INT_CONVERSION = YES;
				CLANG_WARN_OBJC_ROOT_CLASS = YES_ERROR;
				CLANG_WARN_UNREACHABLE_CODE = YES;
				CLANG_WARN__DUPLICATE_METHOD_MATCH = YES;
				"CODE_SIGN_IDENTITY[sdk=iphoneos*]" = "iPhone Developer";
				COPY_PHASE_STRIP = NO;
				DEBUG_INFORMATION_FORMAT = "dwarf-with-dsym";
				ENABLE_STRICT_OBJC_MSGSEND = YES;
				GCC_C_LANGUAGE_STANDARD = gnu99;
				GCC_DYNAMIC_NO_PIC = NO;
				GCC_NO_COMMON_BLOCKS = YES;
				GCC_OPTIMIZATION_LEVEL = 0;
				GCC_PREPROCESSOR_DEFINITIONS = (
					"DEBUG=1",
					"$(inherited)",
				);
				GCC_SYMBOLS_PRIVATE_EXTERN = NO;
				GCC_WARN_64_TO_32_BIT_CONVERSION = YES;
				GCC_WARN_ABOUT_RETURN_TYPE = YES_ERROR;
				GCC_WARN_UNDECLARED_SELECTOR = YES;
				GCC_WARN_UNINITIALIZED_AUTOS = YES_AGGRESSIVE;
				GCC_WARN_UNUSED_FUNCTION = YES;
				GCC_WARN_UNUSED_VARIABLE = YES;
				IPHONEOS_DEPLOYMENT_TARGET = 8.3;
				MTL_ENABLE_DEBUG_INFO = YES;
				ONLY_ACTIVE_ARCH = YES;
				SDKROOT = iphoneos;
				SWIFT_OPTIMIZATION_LEVEL = "-Onone";
			};
			name = Debug;
		};
		265B7DFC1B053A080074450B /* Release */ = {
			isa = XCBuildConfiguration;
			buildSettings = {
				ALWAYS_SEARCH_USER_PATHS = NO;
				CLANG_CXX_LANGUAGE_STANDARD = "gnu++0x";
				CLANG_CXX_LIBRARY = "libc++";
				CLANG_ENABLE_MODULES = YES;
				CLANG_ENABLE_OBJC_ARC = YES;
				CLANG_WARN_BOOL_CONVERSION = YES;
				CLANG_WARN_CONSTANT_CONVERSION = YES;
				CLANG_WARN_DIRECT_OBJC_ISA_USAGE = YES_ERROR;
				CLANG_WARN_EMPTY_BODY = YES;
				CLANG_WARN_ENUM_CONVERSION = YES;
				CLANG_WARN_INT_CONVERSION = YES;
				CLANG_WARN_OBJC_ROOT_CLASS = YES_ERROR;
				CLANG_WARN_UNREACHABLE_CODE = YES;
				CLANG_WARN__DUPLICATE_METHOD_MATCH = YES;
				"CODE_SIGN_IDENTITY[sdk=iphoneos*]" = "iPhone Developer";
				COPY_PHASE_STRIP = NO;
				DEBUG_INFORMATION_FORMAT = "dwarf-with-dsym";
				ENABLE_NS_ASSERTIONS = NO;
				ENABLE_STRICT_OBJC_MSGSEND = YES;
				GCC_C_LANGUAGE_STANDARD = gnu99;
				GCC_NO_COMMON_BLOCKS = YES;
				GCC_WARN_64_TO_32_BIT_CONVERSION = YES;
				GCC_WARN_ABOUT_RETURN_TYPE = YES_ERROR;
				GCC_WARN_UNDECLARED_SELECTOR = YES;
				GCC_WARN_UNINITIALIZED_AUTOS = YES_AGGRESSIVE;
				GCC_WARN_UNUSED_FUNCTION = YES;
				GCC_WARN_UNUSED_VARIABLE = YES;
				IPHONEOS_DEPLOYMENT_TARGET = 8.3;
				MTL_ENABLE_DEBUG_INFO = NO;
				SDKROOT = iphoneos;
				VALIDATE_PRODUCT = YES;
			};
			name = Release;
		};
		265B7DFE1B053A080074450B /* Debug */ = {
			isa = XCBuildConfiguration;
			buildSettings = {
				ASSETCATALOG_COMPILER_APPICON_NAME = AppIcon;
				INFOPLIST_FILE = Teststs/Info.plist;
				LD_RUNPATH_SEARCH_PATHS = "$(inherited) @executable_path/Frameworks";
				PRODUCT_NAME = "$(TARGET_NAME)";
			};
			name = Debug;
		};
		265B7DFF1B053A080074450B /* Release */ = {
			isa = XCBuildConfiguration;
			buildSettings = {
				ASSETCATALOG_COMPILER_APPICON_NAME = AppIcon;
				INFOPLIST_FILE = Teststs/Info.plist;
				LD_RUNPATH_SEARCH_PATHS = "$(inherited) @executable_path/Frameworks";
				PRODUCT_NAME = "$(TARGET_NAME)";
			};
			name = Release;
		};
		265B7E011B053A080074450B /* Debug */ = {
			isa = XCBuildConfiguration;
			buildSettings = {
				BUNDLE_LOADER = "$(TEST_HOST)";
				FRAMEWORK_SEARCH_PATHS = (
					"$(SDKROOT)/Developer/Library/Frameworks",
					"$(inherited)",
				);
				GCC_PREPROCESSOR_DEFINITIONS = (
					"DEBUG=1",
					"$(inherited)",
				);
				INFOPLIST_FILE = TeststsTests/Info.plist;
				LD_RUNPATH_SEARCH_PATHS = "$(inherited) @executable_path/Frameworks @loader_path/Frameworks";
				PRODUCT_NAME = "$(TARGET_NAME)";
				TEST_HOST = "$(BUILT_PRODUCTS_DIR)/Teststs.app/Teststs";
			};
			name = Debug;
		};
		265B7E021B053A080074450B /* Release */ = {
			isa = XCBuildConfiguration;
			buildSettings = {
				BUNDLE_LOADER = "$(TEST_HOST)";
				FRAMEWORK_SEARCH_PATHS = (
					"$(SDKROOT)/Developer/Library/Frameworks",
					"$(inherited)",
				);
				INFOPLIST_FILE = TeststsTests/Info.plist;
				LD_RUNPATH_SEARCH_PATHS = "$(inherited) @executable_path/Frameworks @loader_path/Frameworks";
				PRODUCT_NAME = "$(TARGET_NAME)";
				TEST_HOST = "$(BUILT_PRODUCTS_DIR)/Teststs.app/Teststs";
			};
			name = Release;
		};
/* End XCBuildConfiguration section */

/* Begin XCConfigurationList section */
		265B7DD71B053A080074450B /* Build configuration list for PBXProject "Teststs" */ = {
			isa = XCConfigurationList;
			buildConfigurations = (
				265B7DFB1B053A080074450B /* Debug */,
				265B7DFC1B053A080074450B /* Release */,
			);
			defaultConfigurationIsVisible = 0;
			defaultConfigurationName = Release;
		};
		265B7DFD1B053A080074450B /* Build configuration list for PBXNativeTarget "Teststs" */ = {
			isa = XCConfigurationList;
			buildConfigurations = (
				265B7DFE1B053A080074450B /* Debug */,
				265B7DFF1B053A080074450B /* Release */,
			);
			defaultConfigurationIsVisible = 0;
			defaultConfigurationName = Release;
		};
		265B7E001B053A080074450B /* Build configuration list for PBXNativeTarget "TeststsTests" */ = {
			isa = XCConfigurationList;
			buildConfigurations = (
				265B7E011B053A080074450B /* Debug */,
				265B7E021B053A080074450B /* Release */,
			);
			defaultConfigurationIsVisible = 0;
			defaultConfigurationName = Release;
		};
/* End XCConfigurationList section */
	};
	rootObject = 265B7DD41B053A080074450B /* Project object */;
}
