// !$*UTF8*$!
{
	archiveVersion = 1;
	classes = {
	};
	objectVersion = 46;
	objects = {

/* Begin PBXBuildFile section */
		2601191C1BA600D500540ED5 /* WorkWay+CoreDataProperties.swift in Sources */ = {isa = PBXBuildFile; fileRef = 2601191A1BA600D400540ED5 /* WorkWay+CoreDataProperties.swift */; };
		2601191D1BA600D500540ED5 /* WorkWay.swift in Sources */ = {isa = PBXBuildFile; fileRef = 2601191B1BA600D400540ED5 /* WorkWay.swift */; };
		2602AD551B14F2A100B0DB32 /* ArmadaApi.swift in Sources */ = {isa = PBXBuildFile; fileRef = 2602AD541B14F2A100B0DB32 /* ArmadaApi.swift */; };
		2602AD601B15133D00B0DB32 /* ArmadaEventTableViewController.swift in Sources */ = {isa = PBXBuildFile; fileRef = 2602AD5F1B15133D00B0DB32 /* ArmadaEventTableViewController.swift */; };
		2602AD641B152E6C00B0DB32 /* ArmadaEventDetailTableViewController.swift in Sources */ = {isa = PBXBuildFile; fileRef = 2602AD631B152E6C00B0DB32 /* ArmadaEventDetailTableViewController.swift */; };
		260376801B8EB7980031F92F /* CompanyValue+CoreDataProperties.swift in Sources */ = {isa = PBXBuildFile; fileRef = 2603767E1B8EB7980031F92F /* CompanyValue+CoreDataProperties.swift */; };
		260376811B8EB7980031F92F /* CompanyValue.swift in Sources */ = {isa = PBXBuildFile; fileRef = 2603767F1B8EB7980031F92F /* CompanyValue.swift */; };
		260376841B8EB9EB0031F92F /* Programme+CoreDataProperties.swift in Sources */ = {isa = PBXBuildFile; fileRef = 260376821B8EB9EB0031F92F /* Programme+CoreDataProperties.swift */; };
		260376851B8EB9EB0031F92F /* Programme.swift in Sources */ = {isa = PBXBuildFile; fileRef = 260376831B8EB9EB0031F92F /* Programme.swift */; };
		261B58BB1B1641ED006F3968 /* CompaniesPageViewController.swift in Sources */ = {isa = PBXBuildFile; fileRef = 261B58BA1B1641ED006F3968 /* CompaniesPageViewController.swift */; };
		2633574A1BC69DA30046D05E /* TitleDetailTableViewCell.swift in Sources */ = {isa = PBXBuildFile; fileRef = 263357491BC69DA30046D05E /* TitleDetailTableViewCell.swift */; };
		26402E5D1B8F987700EC84E4 /* ArmadaViewController.swift in Sources */ = {isa = PBXBuildFile; fileRef = 26402E5C1B8F987700EC84E4 /* ArmadaViewController.swift */; };
		26431A241BC9EE64002A2734 /* SponsorsWebViewController.swift in Sources */ = {isa = PBXBuildFile; fileRef = 26431A231BC9EE64002A2734 /* SponsorsWebViewController.swift */; };
		265B7DE21B053A080074450B /* AppDelegate.swift in Sources */ = {isa = PBXBuildFile; fileRef = 265B7DE11B053A080074450B /* AppDelegate.swift */; };
		265B7DE91B053A080074450B /* Main.storyboard in Resources */ = {isa = PBXBuildFile; fileRef = 265B7DE71B053A080074450B /* Main.storyboard */; };
		265B7DEB1B053A080074450B /* Images.xcassets in Resources */ = {isa = PBXBuildFile; fileRef = 265B7DEA1B053A080074450B /* Images.xcassets */; };
		265B7DEE1B053A080074450B /* LaunchScreen.xib in Resources */ = {isa = PBXBuildFile; fileRef = 265B7DEC1B053A080074450B /* LaunchScreen.xib */; };
		265B7E041B0543820074450B /* fontawesome-webfont.ttf in Resources */ = {isa = PBXBuildFile; fileRef = 265B7E031B0543690074450B /* fontawesome-webfont.ttf */; };
		265BE5311B1BB1B90097F245 /* worldMap.html in Resources */ = {isa = PBXBuildFile; fileRef = 265BE5301B1BB1B90097F245 /* worldMap.html */; };
		265EABF51BEBC0A1009CEDCD /* ArmadaMemberViewController.swift in Sources */ = {isa = PBXBuildFile; fileRef = 265EABF41BEBC0A1009CEDCD /* ArmadaMemberViewController.swift */; };
		265EABF71BEBCA4B009CEDCD /* LocationViewController.swift in Sources */ = {isa = PBXBuildFile; fileRef = 265EABF61BEBCA4B009CEDCD /* LocationViewController.swift */; };
		265EABF91BEBE8D2009CEDCD /* ArmadaMembersPageViewController.swift in Sources */ = {isa = PBXBuildFile; fileRef = 265EABF81BEBE8D2009CEDCD /* ArmadaMembersPageViewController.swift */; };
		265F3B611B5ED49800034FB2 /* NewsDetailTableViewController.swift in Sources */ = {isa = PBXBuildFile; fileRef = 265F3B601B5ED49800034FB2 /* NewsDetailTableViewController.swift */; };
		2671038C1B06B81D00C79164 /* CompanyViewController.swift in Sources */ = {isa = PBXBuildFile; fileRef = 2671038B1B06B81D00C79164 /* CompanyViewController.swift */; };
		2678975A1BB7B9A00013E8FC /* ArmadaEventTableViewCell.swift in Sources */ = {isa = PBXBuildFile; fileRef = 267897591BB7B9A00013E8FC /* ArmadaEventTableViewCell.swift */; };
		267C08C91B57EB0600E79C37 /* Launch.storyboard in Resources */ = {isa = PBXBuildFile; fileRef = 267C08C81B57EB0600E79C37 /* Launch.storyboard */; };
		269A223C1B1CF45B00023BE8 /* TabBarController.swift in Sources */ = {isa = PBXBuildFile; fileRef = 269A223B1B1CF45B00023BE8 /* TabBarController.swift */; };
		269C0CFA1B8E8D18008FB633 /* CompanyModel.xcdatamodeld in Sources */ = {isa = PBXBuildFile; fileRef = 269C0CF81B8E8D18008FB633 /* CompanyModel.xcdatamodeld */; };
		269C0CFD1B8E8D9F008FB633 /* Company+CoreDataProperties.swift in Sources */ = {isa = PBXBuildFile; fileRef = 269C0CFB1B8E8D9F008FB633 /* Company+CoreDataProperties.swift */; };
		269C0CFE1B8E8D9F008FB633 /* Company.swift in Sources */ = {isa = PBXBuildFile; fileRef = 269C0CFC1B8E8D9F008FB633 /* Company.swift */; };
		269C0D011B8E9BDE008FB633 /* WorkField+CoreDataProperties.swift in Sources */ = {isa = PBXBuildFile; fileRef = 269C0CFF1B8E9BDE008FB633 /* WorkField+CoreDataProperties.swift */; };
		269C0D021B8E9BDE008FB633 /* WorkField.swift in Sources */ = {isa = PBXBuildFile; fileRef = 269C0D001B8E9BDE008FB633 /* WorkField.swift */; };
		269C0D051B8EAE5B008FB633 /* JobType+CoreDataProperties.swift in Sources */ = {isa = PBXBuildFile; fileRef = 269C0D031B8EAE5B008FB633 /* JobType+CoreDataProperties.swift */; };
		269C0D061B8EAE5B008FB633 /* JobType.swift in Sources */ = {isa = PBXBuildFile; fileRef = 269C0D041B8EAE5B008FB633 /* JobType.swift */; };
		269C0D091B8EB33D008FB633 /* Continent+CoreDataProperties.swift in Sources */ = {isa = PBXBuildFile; fileRef = 269C0D071B8EB33D008FB633 /* Continent+CoreDataProperties.swift */; };
		269C0D0A1B8EB33D008FB633 /* Continent.swift in Sources */ = {isa = PBXBuildFile; fileRef = 269C0D081B8EB33D008FB633 /* Continent.swift */; };
		26A15D401B07C5F500793724 /* CompanyFilterTableViewController.swift in Sources */ = {isa = PBXBuildFile; fileRef = 26A15D3F1B07C5F500793724 /* CompanyFilterTableViewController.swift */; };
		26A28A871BA212EA0044F183 /* CompanyInfoTableViewController.swift in Sources */ = {isa = PBXBuildFile; fileRef = 26A28A861BA212EA0044F183 /* CompanyInfoTableViewController.swift */; };
		26B4697A1B5E858D00AE75E3 /* ScrollZoomTableViewController.swift in Sources */ = {isa = PBXBuildFile; fileRef = 26B469791B5E858D00AE75E3 /* ScrollZoomTableViewController.swift */; };
		26BD3D3B1B1607AF00CD0572 /* FavoriteCompanies.swift in Sources */ = {isa = PBXBuildFile; fileRef = 26BD3D3A1B1607AF00CD0572 /* FavoriteCompanies.swift */; };
		26BD3D3D1B1607D800CD0572 /* CommonExtensions.swift in Sources */ = {isa = PBXBuildFile; fileRef = 26BD3D3C1B1607D800CD0572 /* CommonExtensions.swift */; };
		26C2EF941BA211FE00D125D8 /* CompanyTypeTableViewCell.swift in Sources */ = {isa = PBXBuildFile; fileRef = 26C2EF931BA211FE00D125D8 /* CompanyTypeTableViewCell.swift */; };
		26C652691BB5FBEA00798FBE /* ArmadaTableViewDataSource.swift in Sources */ = {isa = PBXBuildFile; fileRef = 26C652681BB5FBEA00798FBE /* ArmadaTableViewDataSource.swift */; };
		26C9607C1B06A434005A13E7 /* CatalogueTableViewController.swift in Sources */ = {isa = PBXBuildFile; fileRef = 26C9607B1B06A434005A13E7 /* CatalogueTableViewController.swift */; };
		26C9607E1B06A61A005A13E7 /* CompanyTableViewCell.swift in Sources */ = {isa = PBXBuildFile; fileRef = 26C9607D1B06A61A005A13E7 /* CompanyTableViewCell.swift */; };
		26CDD0D31BA4CC0D00CC2C1D /* SponsorsTableViewController.swift in Sources */ = {isa = PBXBuildFile; fileRef = 26CDD0D21BA4CC0D00CC2C1D /* SponsorsTableViewController.swift */; };
		26CDD0D51BA4CC3100CC2C1D /* SponsorsTableViewCell.swift in Sources */ = {isa = PBXBuildFile; fileRef = 26CDD0D41BA4CC3100CC2C1D /* SponsorsTableViewCell.swift */; };
		26CDD0D91BA4D9CD00CC2C1D /* AboutViewController.swift in Sources */ = {isa = PBXBuildFile; fileRef = 26CDD0D81BA4D9CD00CC2C1D /* AboutViewController.swift */; };
		26CDD0DB1BA4EC8900CC2C1D /* MatchTableViewCell.swift in Sources */ = {isa = PBXBuildFile; fileRef = 26CDD0DA1BA4EC8900CC2C1D /* MatchTableViewCell.swift */; };
		26CE1F561B21E8F3009FDD22 /* AddCompanyPropertyTableViewController.swift in Sources */ = {isa = PBXBuildFile; fileRef = 26CE1F551B21E8F3009FDD22 /* AddCompanyPropertyTableViewController.swift */; };
		26D45D091BA4FBD7004A786B /* CompanyBoolCell.swift in Sources */ = {isa = PBXBuildFile; fileRef = 26D45D081BA4FBD7004A786B /* CompanyBoolCell.swift */; };
		26DB44D21BEEDF5E005375C4 /* Companies.sqlite in Resources */ = {isa = PBXBuildFile; fileRef = 26DB44CF1BEEDF5E005375C4 /* Companies.sqlite */; };
		26DB44D31BEEDF5E005375C4 /* Companies.sqlite-shm in Resources */ = {isa = PBXBuildFile; fileRef = 26DB44D01BEEDF5E005375C4 /* Companies.sqlite-shm */; };
		26DB44D41BEEDF5E005375C4 /* Companies.sqlite-wal in Resources */ = {isa = PBXBuildFile; fileRef = 26DB44D11BEEDF5E005375C4 /* Companies.sqlite-wal */; };
		26EE7B701BED3B3C00752ADF /* CompanyFilter.swift in Sources */ = {isa = PBXBuildFile; fileRef = 26EE7B6F1BED3B3C00752ADF /* CompanyFilter.swift */; };
		26F256481BEA9FA3002D9AAB /* OrganisationGroupsTableViewController.swift in Sources */ = {isa = PBXBuildFile; fileRef = 26F256471BEA9FA3002D9AAB /* OrganisationGroupsTableViewController.swift */; };
		26F2564C1BEABCF3002D9AAB /* MemberTableViewCell.swift in Sources */ = {isa = PBXBuildFile; fileRef = 26F2564B1BEABCF3002D9AAB /* MemberTableViewCell.swift */; };
		DA0006941B153B6A006BFDBD /* NewsTableViewCell.swift in Sources */ = {isa = PBXBuildFile; fileRef = DA0006931B153B6A006BFDBD /* NewsTableViewCell.swift */; };
		DA0006961B153C54006BFDBD /* NewsTableViewController.swift in Sources */ = {isa = PBXBuildFile; fileRef = DA0006951B153C54006BFDBD /* NewsTableViewController.swift */; };
		DAF310781B1F243100D3947D /* MatchTableViewController.swift in Sources */ = {isa = PBXBuildFile; fileRef = DAF310771B1F243100D3947D /* MatchTableViewController.swift */; };
/* End PBXBuildFile section */

/* Begin PBXContainerItemProxy section */
		265B7DF41B053A080074450B /* PBXContainerItemProxy */ = {
			isa = PBXContainerItemProxy;
			containerPortal = 265B7DD41B053A080074450B /* Project object */;
			proxyType = 1;
			remoteGlobalIDString = 265B7DDB1B053A080074450B;
			remoteInfo = Teststs;
		};
/* End PBXContainerItemProxy section */

/* Begin PBXFileReference section */
		2601191A1BA600D400540ED5 /* WorkWay+CoreDataProperties.swift */ = {isa = PBXFileReference; fileEncoding = 4; lastKnownFileType = sourcecode.swift; path = "WorkWay+CoreDataProperties.swift"; sourceTree = "<group>"; };
		2601191B1BA600D400540ED5 /* WorkWay.swift */ = {isa = PBXFileReference; fileEncoding = 4; lastKnownFileType = sourcecode.swift; path = WorkWay.swift; sourceTree = "<group>"; };
		2602AD541B14F2A100B0DB32 /* ArmadaApi.swift */ = {isa = PBXFileReference; fileEncoding = 4; lastKnownFileType = sourcecode.swift; path = ArmadaApi.swift; sourceTree = "<group>"; };
		2602AD5F1B15133D00B0DB32 /* ArmadaEventTableViewController.swift */ = {isa = PBXFileReference; fileEncoding = 4; lastKnownFileType = sourcecode.swift; path = ArmadaEventTableViewController.swift; sourceTree = "<group>"; };
		2602AD631B152E6C00B0DB32 /* ArmadaEventDetailTableViewController.swift */ = {isa = PBXFileReference; fileEncoding = 4; lastKnownFileType = sourcecode.swift; path = ArmadaEventDetailTableViewController.swift; sourceTree = "<group>"; };
		2603767E1B8EB7980031F92F /* CompanyValue+CoreDataProperties.swift */ = {isa = PBXFileReference; fileEncoding = 4; lastKnownFileType = sourcecode.swift; path = "CompanyValue+CoreDataProperties.swift"; sourceTree = "<group>"; };
		2603767F1B8EB7980031F92F /* CompanyValue.swift */ = {isa = PBXFileReference; fileEncoding = 4; lastKnownFileType = sourcecode.swift; path = CompanyValue.swift; sourceTree = "<group>"; };
		260376821B8EB9EB0031F92F /* Programme+CoreDataProperties.swift */ = {isa = PBXFileReference; fileEncoding = 4; lastKnownFileType = sourcecode.swift; path = "Programme+CoreDataProperties.swift"; sourceTree = "<group>"; };
		260376831B8EB9EB0031F92F /* Programme.swift */ = {isa = PBXFileReference; fileEncoding = 4; lastKnownFileType = sourcecode.swift; path = Programme.swift; sourceTree = "<group>"; };
		261B58BA1B1641ED006F3968 /* CompaniesPageViewController.swift */ = {isa = PBXFileReference; fileEncoding = 4; lastKnownFileType = sourcecode.swift; path = CompaniesPageViewController.swift; sourceTree = "<group>"; };
		263357491BC69DA30046D05E /* TitleDetailTableViewCell.swift */ = {isa = PBXFileReference; fileEncoding = 4; lastKnownFileType = sourcecode.swift; name = TitleDetailTableViewCell.swift; path = ../TitleDetailTableViewCell.swift; sourceTree = "<group>"; };
		26402E5C1B8F987700EC84E4 /* ArmadaViewController.swift */ = {isa = PBXFileReference; fileEncoding = 4; lastKnownFileType = sourcecode.swift; path = ArmadaViewController.swift; sourceTree = "<group>"; };
		26402E5E1B8FA54F00EC84E4 /* armadaEvents.sketch */ = {isa = PBXFileReference; lastKnownFileType = file; path = armadaEvents.sketch; sourceTree = "<group>"; };
		26431A231BC9EE64002A2734 /* SponsorsWebViewController.swift */ = {isa = PBXFileReference; fileEncoding = 4; lastKnownFileType = sourcecode.swift; path = SponsorsWebViewController.swift; sourceTree = "<group>"; };
		265B7DDC1B053A080074450B /* Armada.app */ = {isa = PBXFileReference; explicitFileType = wrapper.application; includeInIndex = 0; path = Armada.app; sourceTree = BUILT_PRODUCTS_DIR; };
		265B7DE01B053A080074450B /* Info.plist */ = {isa = PBXFileReference; lastKnownFileType = text.plist.xml; path = Info.plist; sourceTree = "<group>"; };
		265B7DE11B053A080074450B /* AppDelegate.swift */ = {isa = PBXFileReference; lastKnownFileType = sourcecode.swift; path = AppDelegate.swift; sourceTree = "<group>"; };
		265B7DE81B053A080074450B /* Base */ = {isa = PBXFileReference; lastKnownFileType = file.storyboard; name = Base; path = Base.lproj/Main.storyboard; sourceTree = "<group>"; };
		265B7DEA1B053A080074450B /* Images.xcassets */ = {isa = PBXFileReference; lastKnownFileType = folder.assetcatalog; path = Images.xcassets; sourceTree = "<group>"; };
		265B7DED1B053A080074450B /* Base */ = {isa = PBXFileReference; lastKnownFileType = file.xib; name = Base; path = Base.lproj/LaunchScreen.xib; sourceTree = "<group>"; };
		265B7DF31B053A080074450B /* Armada.xctest */ = {isa = PBXFileReference; explicitFileType = wrapper.cfbundle; includeInIndex = 0; path = Armada.xctest; sourceTree = BUILT_PRODUCTS_DIR; };
		265B7DF81B053A080074450B /* Info.plist */ = {isa = PBXFileReference; lastKnownFileType = text.plist.xml; path = Info.plist; sourceTree = "<group>"; };
		265B7E031B0543690074450B /* fontawesome-webfont.ttf */ = {isa = PBXFileReference; lastKnownFileType = file; path = "fontawesome-webfont.ttf"; sourceTree = "<group>"; };
		265BE5301B1BB1B90097F245 /* worldMap.html */ = {isa = PBXFileReference; fileEncoding = 4; lastKnownFileType = text.html; path = worldMap.html; sourceTree = "<group>"; };
		265EABF41BEBC0A1009CEDCD /* ArmadaMemberViewController.swift */ = {isa = PBXFileReference; fileEncoding = 4; lastKnownFileType = sourcecode.swift; path = ArmadaMemberViewController.swift; sourceTree = "<group>"; };
		265EABF61BEBCA4B009CEDCD /* LocationViewController.swift */ = {isa = PBXFileReference; fileEncoding = 4; lastKnownFileType = sourcecode.swift; path = LocationViewController.swift; sourceTree = "<group>"; };
		265EABF81BEBE8D2009CEDCD /* ArmadaMembersPageViewController.swift */ = {isa = PBXFileReference; fileEncoding = 4; lastKnownFileType = sourcecode.swift; path = ArmadaMembersPageViewController.swift; sourceTree = "<group>"; };
		265F3B601B5ED49800034FB2 /* NewsDetailTableViewController.swift */ = {isa = PBXFileReference; fileEncoding = 4; lastKnownFileType = sourcecode.swift; path = NewsDetailTableViewController.swift; sourceTree = "<group>"; };
		2671038B1B06B81D00C79164 /* CompanyViewController.swift */ = {isa = PBXFileReference; fileEncoding = 4; lastKnownFileType = sourcecode.swift; path = CompanyViewController.swift; sourceTree = "<group>"; };
		267897591BB7B9A00013E8FC /* ArmadaEventTableViewCell.swift */ = {isa = PBXFileReference; fileEncoding = 4; lastKnownFileType = sourcecode.swift; path = ArmadaEventTableViewCell.swift; sourceTree = "<group>"; };
		267C08C81B57EB0600E79C37 /* Launch.storyboard */ = {isa = PBXFileReference; fileEncoding = 4; lastKnownFileType = file.storyboard; name = Launch.storyboard; path = ../Launch.storyboard; sourceTree = "<group>"; };
		269A223B1B1CF45B00023BE8 /* TabBarController.swift */ = {isa = PBXFileReference; fileEncoding = 4; lastKnownFileType = sourcecode.swift; path = TabBarController.swift; sourceTree = "<group>"; };
		269C0CF91B8E8D18008FB633 /* CompanyModel.xcdatamodel */ = {isa = PBXFileReference; lastKnownFileType = wrapper.xcdatamodel; path = CompanyModel.xcdatamodel; sourceTree = "<group>"; };
		269C0CFB1B8E8D9F008FB633 /* Company+CoreDataProperties.swift */ = {isa = PBXFileReference; fileEncoding = 4; lastKnownFileType = sourcecode.swift; path = "Company+CoreDataProperties.swift"; sourceTree = "<group>"; };
		269C0CFC1B8E8D9F008FB633 /* Company.swift */ = {isa = PBXFileReference; fileEncoding = 4; lastKnownFileType = sourcecode.swift; path = Company.swift; sourceTree = "<group>"; };
		269C0CFF1B8E9BDE008FB633 /* WorkField+CoreDataProperties.swift */ = {isa = PBXFileReference; fileEncoding = 4; lastKnownFileType = sourcecode.swift; path = "WorkField+CoreDataProperties.swift"; sourceTree = "<group>"; };
		269C0D001B8E9BDE008FB633 /* WorkField.swift */ = {isa = PBXFileReference; fileEncoding = 4; lastKnownFileType = sourcecode.swift; path = WorkField.swift; sourceTree = "<group>"; };
		269C0D031B8EAE5B008FB633 /* JobType+CoreDataProperties.swift */ = {isa = PBXFileReference; fileEncoding = 4; lastKnownFileType = sourcecode.swift; path = "JobType+CoreDataProperties.swift"; sourceTree = "<group>"; };
		269C0D041B8EAE5B008FB633 /* JobType.swift */ = {isa = PBXFileReference; fileEncoding = 4; lastKnownFileType = sourcecode.swift; path = JobType.swift; sourceTree = "<group>"; };
		269C0D071B8EB33D008FB633 /* Continent+CoreDataProperties.swift */ = {isa = PBXFileReference; fileEncoding = 4; lastKnownFileType = sourcecode.swift; path = "Continent+CoreDataProperties.swift"; sourceTree = "<group>"; };
		269C0D081B8EB33D008FB633 /* Continent.swift */ = {isa = PBXFileReference; fileEncoding = 4; lastKnownFileType = sourcecode.swift; path = Continent.swift; sourceTree = "<group>"; };
		26A15D3F1B07C5F500793724 /* CompanyFilterTableViewController.swift */ = {isa = PBXFileReference; fileEncoding = 4; lastKnownFileType = sourcecode.swift; path = CompanyFilterTableViewController.swift; sourceTree = "<group>"; };
		26A28A861BA212EA0044F183 /* CompanyInfoTableViewController.swift */ = {isa = PBXFileReference; fileEncoding = 4; lastKnownFileType = sourcecode.swift; path = CompanyInfoTableViewController.swift; sourceTree = "<group>"; };
		26B469791B5E858D00AE75E3 /* ScrollZoomTableViewController.swift */ = {isa = PBXFileReference; fileEncoding = 4; lastKnownFileType = sourcecode.swift; path = ScrollZoomTableViewController.swift; sourceTree = "<group>"; };
		26BD3D3A1B1607AF00CD0572 /* FavoriteCompanies.swift */ = {isa = PBXFileReference; fileEncoding = 4; lastKnownFileType = sourcecode.swift; path = FavoriteCompanies.swift; sourceTree = "<group>"; };
		26BD3D3C1B1607D800CD0572 /* CommonExtensions.swift */ = {isa = PBXFileReference; fileEncoding = 4; lastKnownFileType = sourcecode.swift; path = CommonExtensions.swift; sourceTree = "<group>"; };
		26C2EF931BA211FE00D125D8 /* CompanyTypeTableViewCell.swift */ = {isa = PBXFileReference; fileEncoding = 4; lastKnownFileType = sourcecode.swift; path = CompanyTypeTableViewCell.swift; sourceTree = "<group>"; };
		26C652681BB5FBEA00798FBE /* ArmadaTableViewDataSource.swift */ = {isa = PBXFileReference; fileEncoding = 4; lastKnownFileType = sourcecode.swift; path = ArmadaTableViewDataSource.swift; sourceTree = "<group>"; };
		26C9607B1B06A434005A13E7 /* CatalogueTableViewController.swift */ = {isa = PBXFileReference; fileEncoding = 4; lastKnownFileType = sourcecode.swift; path = CatalogueTableViewController.swift; sourceTree = "<group>"; };
		26C9607D1B06A61A005A13E7 /* CompanyTableViewCell.swift */ = {isa = PBXFileReference; fileEncoding = 4; lastKnownFileType = sourcecode.swift; path = CompanyTableViewCell.swift; sourceTree = "<group>"; };
		26CDD0D21BA4CC0D00CC2C1D /* SponsorsTableViewController.swift */ = {isa = PBXFileReference; fileEncoding = 4; lastKnownFileType = sourcecode.swift; path = SponsorsTableViewController.swift; sourceTree = "<group>"; };
		26CDD0D41BA4CC3100CC2C1D /* SponsorsTableViewCell.swift */ = {isa = PBXFileReference; fileEncoding = 4; lastKnownFileType = sourcecode.swift; path = SponsorsTableViewCell.swift; sourceTree = "<group>"; };
		26CDD0D81BA4D9CD00CC2C1D /* AboutViewController.swift */ = {isa = PBXFileReference; fileEncoding = 4; lastKnownFileType = sourcecode.swift; path = AboutViewController.swift; sourceTree = "<group>"; };
		26CDD0DA1BA4EC8900CC2C1D /* MatchTableViewCell.swift */ = {isa = PBXFileReference; fileEncoding = 4; lastKnownFileType = sourcecode.swift; path = MatchTableViewCell.swift; sourceTree = "<group>"; };
		26CE1F551B21E8F3009FDD22 /* AddCompanyPropertyTableViewController.swift */ = {isa = PBXFileReference; fileEncoding = 4; lastKnownFileType = sourcecode.swift; path = AddCompanyPropertyTableViewController.swift; sourceTree = "<group>"; };
		26D45D081BA4FBD7004A786B /* CompanyBoolCell.swift */ = {isa = PBXFileReference; fileEncoding = 4; lastKnownFileType = sourcecode.swift; path = CompanyBoolCell.swift; sourceTree = "<group>"; };
		26DB44CF1BEEDF5E005375C4 /* Companies.sqlite */ = {isa = PBXFileReference; lastKnownFileType = file; path = Companies.sqlite; sourceTree = "<group>"; };
		26DB44D01BEEDF5E005375C4 /* Companies.sqlite-shm */ = {isa = PBXFileReference; lastKnownFileType = file; path = "Companies.sqlite-shm"; sourceTree = "<group>"; };
		26DB44D11BEEDF5E005375C4 /* Companies.sqlite-wal */ = {isa = PBXFileReference; lastKnownFileType = file; path = "Companies.sqlite-wal"; sourceTree = "<group>"; };
		26EE7B6F1BED3B3C00752ADF /* CompanyFilter.swift */ = {isa = PBXFileReference; fileEncoding = 4; lastKnownFileType = sourcecode.swift; path = CompanyFilter.swift; sourceTree = "<group>"; };
		26F256471BEA9FA3002D9AAB /* OrganisationGroupsTableViewController.swift */ = {isa = PBXFileReference; fileEncoding = 4; lastKnownFileType = sourcecode.swift; path = OrganisationGroupsTableViewController.swift; sourceTree = "<group>"; };
		26F2564B1BEABCF3002D9AAB /* MemberTableViewCell.swift */ = {isa = PBXFileReference; fileEncoding = 4; lastKnownFileType = sourcecode.swift; path = MemberTableViewCell.swift; sourceTree = "<group>"; };
		DA0006931B153B6A006BFDBD /* NewsTableViewCell.swift */ = {isa = PBXFileReference; fileEncoding = 4; lastKnownFileType = sourcecode.swift; path = NewsTableViewCell.swift; sourceTree = "<group>"; };
		DA0006951B153C54006BFDBD /* NewsTableViewController.swift */ = {isa = PBXFileReference; fileEncoding = 4; lastKnownFileType = sourcecode.swift; path = NewsTableViewController.swift; sourceTree = "<group>"; };
		DAF310771B1F243100D3947D /* MatchTableViewController.swift */ = {isa = PBXFileReference; fileEncoding = 4; lastKnownFileType = sourcecode.swift; path = MatchTableViewController.swift; sourceTree = "<group>"; };
/* End PBXFileReference section */

/* Begin PBXFrameworksBuildPhase section */
		265B7DD91B053A080074450B /* Frameworks */ = {
			isa = PBXFrameworksBuildPhase;
			buildActionMask = 2147483647;
			files = (
			);
			runOnlyForDeploymentPostprocessing = 0;
		};
		265B7DF01B053A080074450B /* Frameworks */ = {
			isa = PBXFrameworksBuildPhase;
			buildActionMask = 2147483647;
			files = (
			);
			runOnlyForDeploymentPostprocessing = 0;
		};
/* End PBXFrameworksBuildPhase section */

/* Begin PBXGroup section */
		265B7DD31B053A080074450B = {
			isa = PBXGroup;
			children = (
				265EABFF1BEC143F009CEDCD /* Core Data */,
				265B7DDE1B053A080074450B /* Armada */,
				265B7DF61B053A080074450B /* ArmadaTests */,
				265B7DDD1B053A080074450B /* Products */,
			);
			sourceTree = "<group>";
		};
		265B7DDD1B053A080074450B /* Products */ = {
			isa = PBXGroup;
			children = (
				265B7DDC1B053A080074450B /* Armada.app */,
				265B7DF31B053A080074450B /* Armada.xctest */,
			);
			name = Products;
			sourceTree = "<group>";
		};
		265B7DDE1B053A080074450B /* Armada */ = {
			isa = PBXGroup;
			children = (
				265B7DE11B053A080074450B /* AppDelegate.swift */,
				26402E5E1B8FA54F00EC84E4 /* armadaEvents.sketch */,
				26BD3D3C1B1607D800CD0572 /* CommonExtensions.swift */,
				269A223B1B1CF45B00023BE8 /* TabBarController.swift */,
				26C652681BB5FBEA00798FBE /* ArmadaTableViewDataSource.swift */,
				26B469791B5E858D00AE75E3 /* ScrollZoomTableViewController.swift */,
				26C6526A1BB5FF7700798FBE /* ArmadaApi */,
				265EABFE1BEC13AB009CEDCD /* Catalogue + Match */,
				265EABFC1BEC1357009CEDCD /* Events */,
				265EABFB1BEC132A009CEDCD /* News */,
				265EABFA1BEC12EC009CEDCD /* About Armada */,
				265EABFD1BEC138F009CEDCD /* Sponsors */,
				265B7DE71B053A080074450B /* Main.storyboard */,
				267C08C81B57EB0600E79C37 /* Launch.storyboard */,
				265B7DEA1B053A080074450B /* Images.xcassets */,
				265B7DEC1B053A080074450B /* LaunchScreen.xib */,
				265B7DDF1B053A080074450B /* Supporting Files */,
			);
			name = Armada;
			path = Teststs;
			sourceTree = "<group>";
		};
		265B7DDF1B053A080074450B /* Supporting Files */ = {
			isa = PBXGroup;
			children = (
				265B7E031B0543690074450B /* fontawesome-webfont.ttf */,
				265B7DE01B053A080074450B /* Info.plist */,
			);
			name = "Supporting Files";
			sourceTree = "<group>";
		};
		265B7DF61B053A080074450B /* ArmadaTests */ = {
			isa = PBXGroup;
			children = (
				265B7DF71B053A080074450B /* Supporting Files */,
			);
			name = ArmadaTests;
			path = TeststsTests;
			sourceTree = "<group>";
		};
		265B7DF71B053A080074450B /* Supporting Files */ = {
			isa = PBXGroup;
			children = (
				265B7DF81B053A080074450B /* Info.plist */,
			);
			name = "Supporting Files";
			sourceTree = "<group>";
		};
		265EABFA1BEC12EC009CEDCD /* About Armada */ = {
			isa = PBXGroup;
			children = (
				26402E5C1B8F987700EC84E4 /* ArmadaViewController.swift */,
				26CDD0D81BA4D9CD00CC2C1D /* AboutViewController.swift */,
				265EABF41BEBC0A1009CEDCD /* ArmadaMemberViewController.swift */,
				265EABF81BEBE8D2009CEDCD /* ArmadaMembersPageViewController.swift */,
				26F256471BEA9FA3002D9AAB /* OrganisationGroupsTableViewController.swift */,
				26F2564B1BEABCF3002D9AAB /* MemberTableViewCell.swift */,
			);
			name = "About Armada";
			sourceTree = "<group>";
		};
		265EABFB1BEC132A009CEDCD /* News */ = {
			isa = PBXGroup;
			children = (
				DA0006931B153B6A006BFDBD /* NewsTableViewCell.swift */,
				DA0006951B153C54006BFDBD /* NewsTableViewController.swift */,
				265F3B601B5ED49800034FB2 /* NewsDetailTableViewController.swift */,
			);
			name = News;
			sourceTree = "<group>";
		};
		265EABFC1BEC1357009CEDCD /* Events */ = {
			isa = PBXGroup;
			children = (
				2602AD631B152E6C00B0DB32 /* ArmadaEventDetailTableViewController.swift */,
				2602AD5F1B15133D00B0DB32 /* ArmadaEventTableViewController.swift */,
				267897591BB7B9A00013E8FC /* ArmadaEventTableViewCell.swift */,
			);
			name = Events;
			sourceTree = "<group>";
		};
		265EABFD1BEC138F009CEDCD /* Sponsors */ = {
			isa = PBXGroup;
			children = (
				26CDD0D41BA4CC3100CC2C1D /* SponsorsTableViewCell.swift */,
				26431A231BC9EE64002A2734 /* SponsorsWebViewController.swift */,
				26CDD0D21BA4CC0D00CC2C1D /* SponsorsTableViewController.swift */,
			);
			name = Sponsors;
			sourceTree = "<group>";
		};
		265EABFE1BEC13AB009CEDCD /* Catalogue + Match */ = {
			isa = PBXGroup;
			children = (
				265EAC001BEC1495009CEDCD /* Filter */,
				26A28A861BA212EA0044F183 /* CompanyInfoTableViewController.swift */,
				26C9607D1B06A61A005A13E7 /* CompanyTableViewCell.swift */,
				261B58BA1B1641ED006F3968 /* CompaniesPageViewController.swift */,
				265EABF61BEBCA4B009CEDCD /* LocationViewController.swift */,
				26CDD0DA1BA4EC8900CC2C1D /* MatchTableViewCell.swift */,
				DAF310771B1F243100D3947D /* MatchTableViewController.swift */,
				2671038B1B06B81D00C79164 /* CompanyViewController.swift */,
				26C9607B1B06A434005A13E7 /* CatalogueTableViewController.swift */,
				265BE5301B1BB1B90097F245 /* worldMap.html */,
			);
			name = "Catalogue + Match";
			sourceTree = "<group>";
		};
		265EABFF1BEC143F009CEDCD /* Core Data */ = {
			isa = PBXGroup;
			children = (
				2601191A1BA600D400540ED5 /* WorkWay+CoreDataProperties.swift */,
				2601191B1BA600D400540ED5 /* WorkWay.swift */,
				260376821B8EB9EB0031F92F /* Programme+CoreDataProperties.swift */,
				260376831B8EB9EB0031F92F /* Programme.swift */,
				2603767E1B8EB7980031F92F /* CompanyValue+CoreDataProperties.swift */,
				2603767F1B8EB7980031F92F /* CompanyValue.swift */,
				269C0D071B8EB33D008FB633 /* Continent+CoreDataProperties.swift */,
				269C0D081B8EB33D008FB633 /* Continent.swift */,
				269C0D031B8EAE5B008FB633 /* JobType+CoreDataProperties.swift */,
				269C0D041B8EAE5B008FB633 /* JobType.swift */,
				269C0CFF1B8E9BDE008FB633 /* WorkField+CoreDataProperties.swift */,
				269C0D001B8E9BDE008FB633 /* WorkField.swift */,
				269C0CFB1B8E8D9F008FB633 /* Company+CoreDataProperties.swift */,
				269C0CFC1B8E8D9F008FB633 /* Company.swift */,
			);
			name = "Core Data";
			sourceTree = "<group>";
		};
		265EAC001BEC1495009CEDCD /* Filter */ = {
			isa = PBXGroup;
			children = (
				26A15D3F1B07C5F500793724 /* CompanyFilterTableViewController.swift */,
				26EE7B6F1BED3B3C00752ADF /* CompanyFilter.swift */,
				26D45D081BA4FBD7004A786B /* CompanyBoolCell.swift */,
				26C2EF931BA211FE00D125D8 /* CompanyTypeTableViewCell.swift */,
				263357491BC69DA30046D05E /* TitleDetailTableViewCell.swift */,
				26CE1F551B21E8F3009FDD22 /* AddCompanyPropertyTableViewController.swift */,
			);
			name = Filter;
			sourceTree = "<group>";
		};
		26C6526A1BB5FF7700798FBE /* ArmadaApi */ = {
			isa = PBXGroup;
			children = (
				26BD3D3A1B1607AF00CD0572 /* FavoriteCompanies.swift */,
				2602AD541B14F2A100B0DB32 /* ArmadaApi.swift */,
				26DB44CF1BEEDF5E005375C4 /* Companies.sqlite */,
				26DB44D01BEEDF5E005375C4 /* Companies.sqlite-shm */,
				26DB44D11BEEDF5E005375C4 /* Companies.sqlite-wal */,
				269C0CF81B8E8D18008FB633 /* CompanyModel.xcdatamodeld */,
			);
			name = ArmadaApi;
			sourceTree = "<group>";
		};
/* End PBXGroup section */

/* Begin PBXNativeTarget section */
		265B7DDB1B053A080074450B /* Armada */ = {
			isa = PBXNativeTarget;
			buildConfigurationList = 265B7DFD1B053A080074450B /* Build configuration list for PBXNativeTarget "Armada" */;
			buildPhases = (
				265B7DD81B053A080074450B /* Sources */,
				265B7DD91B053A080074450B /* Frameworks */,
				265B7DDA1B053A080074450B /* Resources */,
			);
			buildRules = (
			);
			dependencies = (
			);
			name = Armada;
			productName = Teststs;
			productReference = 265B7DDC1B053A080074450B /* Armada.app */;
			productType = "com.apple.product-type.application";
		};
		265B7DF21B053A080074450B /* ArmadaTests */ = {
			isa = PBXNativeTarget;
			buildConfigurationList = 265B7E001B053A080074450B /* Build configuration list for PBXNativeTarget "ArmadaTests" */;
			buildPhases = (
				265B7DEF1B053A080074450B /* Sources */,
				265B7DF01B053A080074450B /* Frameworks */,
				265B7DF11B053A080074450B /* Resources */,
			);
			buildRules = (
			);
			dependencies = (
				265B7DF51B053A080074450B /* PBXTargetDependency */,
			);
			name = ArmadaTests;
			productName = TeststsTests;
			productReference = 265B7DF31B053A080074450B /* Armada.xctest */;
			productType = "com.apple.product-type.bundle.unit-test";
		};
/* End PBXNativeTarget section */

/* Begin PBXProject section */
		265B7DD41B053A080074450B /* Project object */ = {
			isa = PBXProject;
			attributes = {
				LastSwiftUpdateCheck = 0700;
				LastUpgradeCheck = 0800;
				ORGANIZATIONNAME = "Sami Purmonen";
				TargetAttributes = {
					265B7DDB1B053A080074450B = {
						CreatedOnToolsVersion = 6.3.1;
						DevelopmentTeam = HY2BRXT6MY;
						LastSwiftMigration = 0800;
					};
					265B7DF21B053A080074450B = {
						CreatedOnToolsVersion = 6.3.1;
						TestTargetID = 265B7DDB1B053A080074450B;
					};
				};
			};
			buildConfigurationList = 265B7DD71B053A080074450B /* Build configuration list for PBXProject "Armada" */;
			compatibilityVersion = "Xcode 3.2";
			developmentRegion = English;
			hasScannedForEncodings = 0;
			knownRegions = (
				en,
				Base,
			);
			mainGroup = 265B7DD31B053A080074450B;
			productRefGroup = 265B7DDD1B053A080074450B /* Products */;
			projectDirPath = "";
			projectRoot = "";
			targets = (
				265B7DDB1B053A080074450B /* Armada */,
				265B7DF21B053A080074450B /* ArmadaTests */,
			);
		};
/* End PBXProject section */

/* Begin PBXResourcesBuildPhase section */
		265B7DDA1B053A080074450B /* Resources */ = {
			isa = PBXResourcesBuildPhase;
			buildActionMask = 2147483647;
			files = (
				26DB44D31BEEDF5E005375C4 /* Companies.sqlite-shm in Resources */,
				265B7DE91B053A080074450B /* Main.storyboard in Resources */,
				26DB44D41BEEDF5E005375C4 /* Companies.sqlite-wal in Resources */,
				265BE5311B1BB1B90097F245 /* worldMap.html in Resources */,
				265B7E041B0543820074450B /* fontawesome-webfont.ttf in Resources */,
				26DB44D21BEEDF5E005375C4 /* Companies.sqlite in Resources */,
				265B7DEE1B053A080074450B /* LaunchScreen.xib in Resources */,
				265B7DEB1B053A080074450B /* Images.xcassets in Resources */,
				267C08C91B57EB0600E79C37 /* Launch.storyboard in Resources */,
			);
			runOnlyForDeploymentPostprocessing = 0;
		};
		265B7DF11B053A080074450B /* Resources */ = {
			isa = PBXResourcesBuildPhase;
			buildActionMask = 2147483647;
			files = (
			);
			runOnlyForDeploymentPostprocessing = 0;
		};
/* End PBXResourcesBuildPhase section */

/* Begin PBXSourcesBuildPhase section */
		265B7DD81B053A080074450B /* Sources */ = {
			isa = PBXSourcesBuildPhase;
			buildActionMask = 2147483647;
			files = (
				260376851B8EB9EB0031F92F /* Programme.swift in Sources */,
				26402E5D1B8F987700EC84E4 /* ArmadaViewController.swift in Sources */,
				269C0D011B8E9BDE008FB633 /* WorkField+CoreDataProperties.swift in Sources */,
				265EABF91BEBE8D2009CEDCD /* ArmadaMembersPageViewController.swift in Sources */,
				269C0CFE1B8E8D9F008FB633 /* Company.swift in Sources */,
				260376811B8EB7980031F92F /* CompanyValue.swift in Sources */,
				26C2EF941BA211FE00D125D8 /* CompanyTypeTableViewCell.swift in Sources */,
				26F2564C1BEABCF3002D9AAB /* MemberTableViewCell.swift in Sources */,
				2633574A1BC69DA30046D05E /* TitleDetailTableViewCell.swift in Sources */,
				26B4697A1B5E858D00AE75E3 /* ScrollZoomTableViewController.swift in Sources */,
				26C9607C1B06A434005A13E7 /* CatalogueTableViewController.swift in Sources */,
				269C0D091B8EB33D008FB633 /* Continent+CoreDataProperties.swift in Sources */,
				260376801B8EB7980031F92F /* CompanyValue+CoreDataProperties.swift in Sources */,
				269C0D051B8EAE5B008FB633 /* JobType+CoreDataProperties.swift in Sources */,
				26CDD0D51BA4CC3100CC2C1D /* SponsorsTableViewCell.swift in Sources */,
				2602AD601B15133D00B0DB32 /* ArmadaEventTableViewController.swift in Sources */,
				2602AD551B14F2A100B0DB32 /* ArmadaApi.swift in Sources */,
				2671038C1B06B81D00C79164 /* CompanyViewController.swift in Sources */,
				26D45D091BA4FBD7004A786B /* CompanyBoolCell.swift in Sources */,
				DA0006961B153C54006BFDBD /* NewsTableViewController.swift in Sources */,
				2601191D1BA600D500540ED5 /* WorkWay.swift in Sources */,
				26CDD0D91BA4D9CD00CC2C1D /* AboutViewController.swift in Sources */,
				26EE7B701BED3B3C00752ADF /* CompanyFilter.swift in Sources */,
				26CDD0D31BA4CC0D00CC2C1D /* SponsorsTableViewController.swift in Sources */,
				2678975A1BB7B9A00013E8FC /* ArmadaEventTableViewCell.swift in Sources */,
				26BD3D3D1B1607D800CD0572 /* CommonExtensions.swift in Sources */,
				261B58BB1B1641ED006F3968 /* CompaniesPageViewController.swift in Sources */,
				2601191C1BA600D500540ED5 /* WorkWay+CoreDataProperties.swift in Sources */,
				269C0CFA1B8E8D18008FB633 /* CompanyModel.xcdatamodeld in Sources */,
				26F256481BEA9FA3002D9AAB /* OrganisationGroupsTableViewController.swift in Sources */,
				265F3B611B5ED49800034FB2 /* NewsDetailTableViewController.swift in Sources */,
				DAF310781B1F243100D3947D /* MatchTableViewController.swift in Sources */,
				265EABF71BEBCA4B009CEDCD /* LocationViewController.swift in Sources */,
				269C0CFD1B8E8D9F008FB633 /* Company+CoreDataProperties.swift in Sources */,
				269A223C1B1CF45B00023BE8 /* TabBarController.swift in Sources */,
				DA0006941B153B6A006BFDBD /* NewsTableViewCell.swift in Sources */,
				26CE1F561B21E8F3009FDD22 /* AddCompanyPropertyTableViewController.swift in Sources */,
				269C0D0A1B8EB33D008FB633 /* Continent.swift in Sources */,
				2602AD641B152E6C00B0DB32 /* ArmadaEventDetailTableViewController.swift in Sources */,
				26A28A871BA212EA0044F183 /* CompanyInfoTableViewController.swift in Sources */,
				26C9607E1B06A61A005A13E7 /* CompanyTableViewCell.swift in Sources */,
				26A15D401B07C5F500793724 /* CompanyFilterTableViewController.swift in Sources */,
				260376841B8EB9EB0031F92F /* Programme+CoreDataProperties.swift in Sources */,
				265B7DE21B053A080074450B /* AppDelegate.swift in Sources */,
				26C652691BB5FBEA00798FBE /* ArmadaTableViewDataSource.swift in Sources */,
				26BD3D3B1B1607AF00CD0572 /* FavoriteCompanies.swift in Sources */,
				269C0D021B8E9BDE008FB633 /* WorkField.swift in Sources */,
				26CDD0DB1BA4EC8900CC2C1D /* MatchTableViewCell.swift in Sources */,
				269C0D061B8EAE5B008FB633 /* JobType.swift in Sources */,
				265EABF51BEBC0A1009CEDCD /* ArmadaMemberViewController.swift in Sources */,
				26431A241BC9EE64002A2734 /* SponsorsWebViewController.swift in Sources */,
			);
			runOnlyForDeploymentPostprocessing = 0;
		};
		265B7DEF1B053A080074450B /* Sources */ = {
			isa = PBXSourcesBuildPhase;
			buildActionMask = 2147483647;
			files = (
			);
			runOnlyForDeploymentPostprocessing = 0;
		};
/* End PBXSourcesBuildPhase section */

/* Begin PBXTargetDependency section */
		265B7DF51B053A080074450B /* PBXTargetDependency */ = {
			isa = PBXTargetDependency;
			target = 265B7DDB1B053A080074450B /* Armada */;
			targetProxy = 265B7DF41B053A080074450B /* PBXContainerItemProxy */;
		};
/* End PBXTargetDependency section */

/* Begin PBXVariantGroup section */
		265B7DE71B053A080074450B /* Main.storyboard */ = {
			isa = PBXVariantGroup;
			children = (
				265B7DE81B053A080074450B /* Base */,
			);
			name = Main.storyboard;
			sourceTree = "<group>";
		};
		265B7DEC1B053A080074450B /* LaunchScreen.xib */ = {
			isa = PBXVariantGroup;
			children = (
				265B7DED1B053A080074450B /* Base */,
			);
			name = LaunchScreen.xib;
			sourceTree = "<group>";
		};
/* End PBXVariantGroup section */

/* Begin XCBuildConfiguration section */
		265B7DFB1B053A080074450B /* Debug */ = {
			isa = XCBuildConfiguration;
			buildSettings = {
				ALWAYS_SEARCH_USER_PATHS = NO;
				CLANG_CXX_LANGUAGE_STANDARD = "gnu++0x";
				CLANG_CXX_LIBRARY = "libc++";
				CLANG_ENABLE_MODULES = YES;
				CLANG_ENABLE_OBJC_ARC = YES;
				CLANG_WARN_BOOL_CONVERSION = YES;
				CLANG_WARN_CONSTANT_CONVERSION = YES;
				CLANG_WARN_DIRECT_OBJC_ISA_USAGE = YES_ERROR;
				CLANG_WARN_EMPTY_BODY = YES;
				CLANG_WARN_ENUM_CONVERSION = YES;
				CLANG_WARN_INFINITE_RECURSION = YES;
				CLANG_WARN_INT_CONVERSION = YES;
				CLANG_WARN_OBJC_ROOT_CLASS = YES_ERROR;
				CLANG_WARN_SUSPICIOUS_MOVE = YES;
				CLANG_WARN_UNREACHABLE_CODE = YES;
				CLANG_WARN__DUPLICATE_METHOD_MATCH = YES;
				"CODE_SIGN_IDENTITY[sdk=iphoneos*]" = "iPhone Developer";
				COPY_PHASE_STRIP = NO;
				DEBUG_INFORMATION_FORMAT = "dwarf-with-dsym";
				ENABLE_STRICT_OBJC_MSGSEND = YES;
				ENABLE_TESTABILITY = YES;
				GCC_C_LANGUAGE_STANDARD = gnu99;
				GCC_DYNAMIC_NO_PIC = NO;
				GCC_NO_COMMON_BLOCKS = YES;
				GCC_OPTIMIZATION_LEVEL = 0;
				GCC_PREPROCESSOR_DEFINITIONS = (
					"DEBUG=1",
					"$(inherited)",
				);
				GCC_SYMBOLS_PRIVATE_EXTERN = NO;
				GCC_WARN_64_TO_32_BIT_CONVERSION = YES;
				GCC_WARN_ABOUT_RETURN_TYPE = YES_ERROR;
				GCC_WARN_UNDECLARED_SELECTOR = YES;
				GCC_WARN_UNINITIALIZED_AUTOS = YES_AGGRESSIVE;
				GCC_WARN_UNUSED_FUNCTION = YES;
				GCC_WARN_UNUSED_VARIABLE = YES;
				IPHONEOS_DEPLOYMENT_TARGET = 8.0;
				MTL_ENABLE_DEBUG_INFO = YES;
				ONLY_ACTIVE_ARCH = YES;
				SDKROOT = iphoneos;
				SWIFT_OPTIMIZATION_LEVEL = "-Onone";
			};
			name = Debug;
		};
		265B7DFC1B053A080074450B /* Release */ = {
			isa = XCBuildConfiguration;
			buildSettings = {
				ALWAYS_SEARCH_USER_PATHS = NO;
				CLANG_CXX_LANGUAGE_STANDARD = "gnu++0x";
				CLANG_CXX_LIBRARY = "libc++";
				CLANG_ENABLE_MODULES = YES;
				CLANG_ENABLE_OBJC_ARC = YES;
				CLANG_WARN_BOOL_CONVERSION = YES;
				CLANG_WARN_CONSTANT_CONVERSION = YES;
				CLANG_WARN_DIRECT_OBJC_ISA_USAGE = YES_ERROR;
				CLANG_WARN_EMPTY_BODY = YES;
				CLANG_WARN_ENUM_CONVERSION = YES;
				CLANG_WARN_INFINITE_RECURSION = YES;
				CLANG_WARN_INT_CONVERSION = YES;
				CLANG_WARN_OBJC_ROOT_CLASS = YES_ERROR;
				CLANG_WARN_SUSPICIOUS_MOVE = YES;
				CLANG_WARN_UNREACHABLE_CODE = YES;
				CLANG_WARN__DUPLICATE_METHOD_MATCH = YES;
				"CODE_SIGN_IDENTITY[sdk=iphoneos*]" = "iPhone Developer";
				COPY_PHASE_STRIP = NO;
				DEBUG_INFORMATION_FORMAT = "dwarf-with-dsym";
				ENABLE_NS_ASSERTIONS = NO;
				ENABLE_STRICT_OBJC_MSGSEND = YES;
				GCC_C_LANGUAGE_STANDARD = gnu99;
				GCC_NO_COMMON_BLOCKS = YES;
				GCC_WARN_64_TO_32_BIT_CONVERSION = YES;
				GCC_WARN_ABOUT_RETURN_TYPE = YES_ERROR;
				GCC_WARN_UNDECLARED_SELECTOR = YES;
				GCC_WARN_UNINITIALIZED_AUTOS = YES_AGGRESSIVE;
				GCC_WARN_UNUSED_FUNCTION = YES;
				GCC_WARN_UNUSED_VARIABLE = YES;
				IPHONEOS_DEPLOYMENT_TARGET = 8.0;
				MTL_ENABLE_DEBUG_INFO = NO;
				SDKROOT = iphoneos;
				SWIFT_OPTIMIZATION_LEVEL = "-Owholemodule";
				VALIDATE_PRODUCT = YES;
			};
			name = Release;
		};
		265B7DFE1B053A080074450B /* Debug */ = {
			isa = XCBuildConfiguration;
			buildSettings = {
				ASSETCATALOG_COMPILER_APPICON_NAME = AppIcon;
				CODE_SIGN_IDENTITY = "iPhone Developer";
				"CODE_SIGN_IDENTITY[sdk=iphoneos*]" = "iPhone Developer";
				INFOPLIST_FILE = Teststs/Info.plist;
				IPHONEOS_DEPLOYMENT_TARGET = 9.0;
				LD_RUNPATH_SEARCH_PATHS = "$(inherited) @executable_path/Frameworks";
				PRODUCT_BUNDLE_IDENTIFIER = se.ths.kth.Aramda;
				PRODUCT_NAME = Armada;
				PROVISIONING_PROFILE = "";
				SWIFT_VERSION = 3.0;
				TARGETED_DEVICE_FAMILY = 1;
			};
			name = Debug;
		};
		265B7DFF1B053A080074450B /* Release */ = {
			isa = XCBuildConfiguration;
			buildSettings = {
				ASSETCATALOG_COMPILER_APPICON_NAME = AppIcon;
				CODE_SIGN_IDENTITY = "iPhone Developer";
				"CODE_SIGN_IDENTITY[sdk=iphoneos*]" = "iPhone Developer";
				INFOPLIST_FILE = Teststs/Info.plist;
				IPHONEOS_DEPLOYMENT_TARGET = 9.0;
				LD_RUNPATH_SEARCH_PATHS = "$(inherited) @executable_path/Frameworks";
				PRODUCT_BUNDLE_IDENTIFIER = se.ths.kth.Aramda;
				PRODUCT_NAME = Armada;
				PROVISIONING_PROFILE = "";
				SWIFT_VERSION = 3.0;
				TARGETED_DEVICE_FAMILY = 1;
			};
			name = Release;
		};
		265B7E011B053A080074450B /* Debug */ = {
			isa = XCBuildConfiguration;
			buildSettings = {
				BUNDLE_LOADER = "$(TEST_HOST)";
				FRAMEWORK_SEARCH_PATHS = (
					"$(SDKROOT)/Developer/Library/Frameworks",
					"$(inherited)",
				);
				GCC_PREPROCESSOR_DEFINITIONS = (
					"DEBUG=1",
					"$(inherited)",
				);
				INFOPLIST_FILE = TeststsTests/Info.plist;
				LD_RUNPATH_SEARCH_PATHS = "$(inherited) @executable_path/Frameworks @loader_path/Frameworks";
				PRODUCT_BUNDLE_IDENTIFIER = "Monafide.$(PRODUCT_NAME:rfc1034identifier)";
				PRODUCT_NAME = Armada;
				TEST_HOST = "$(BUILT_PRODUCTS_DIR)/Armada.app/Armada";
			};
			name = Debug;
		};
		265B7E021B053A080074450B /* Release */ = {
			isa = XCBuildConfiguration;
			buildSettings = {
				BUNDLE_LOADER = "$(TEST_HOST)";
				FRAMEWORK_SEARCH_PATHS = (
					"$(SDKROOT)/Developer/Library/Frameworks",
					"$(inherited)",
				);
				INFOPLIST_FILE = TeststsTests/Info.plist;
				LD_RUNPATH_SEARCH_PATHS = "$(inherited) @executable_path/Frameworks @loader_path/Frameworks";
				PRODUCT_BUNDLE_IDENTIFIER = "Monafide.$(PRODUCT_NAME:rfc1034identifier)";
				PRODUCT_NAME = Armada;
				TEST_HOST = "$(BUILT_PRODUCTS_DIR)/Armada.app/Armada";
			};
			name = Release;
		};
/* End XCBuildConfiguration section */

/* Begin XCConfigurationList section */
		265B7DD71B053A080074450B /* Build configuration list for PBXProject "Armada" */ = {
			isa = XCConfigurationList;
			buildConfigurations = (
				265B7DFB1B053A080074450B /* Debug */,
				265B7DFC1B053A080074450B /* Release */,
			);
			defaultConfigurationIsVisible = 0;
			defaultConfigurationName = Release;
		};
		265B7DFD1B053A080074450B /* Build configuration list for PBXNativeTarget "Armada" */ = {
			isa = XCConfigurationList;
			buildConfigurations = (
				265B7DFE1B053A080074450B /* Debug */,
				265B7DFF1B053A080074450B /* Release */,
			);
			defaultConfigurationIsVisible = 0;
			defaultConfigurationName = Release;
		};
		265B7E001B053A080074450B /* Build configuration list for PBXNativeTarget "ArmadaTests" */ = {
			isa = XCConfigurationList;
			buildConfigurations = (
				265B7E011B053A080074450B /* Debug */,
				265B7E021B053A080074450B /* Release */,
			);
			defaultConfigurationIsVisible = 0;
			defaultConfigurationName = Release;
		};
/* End XCConfigurationList section */

/* Begin XCVersionGroup section */
		269C0CF81B8E8D18008FB633 /* CompanyModel.xcdatamodeld */ = {
			isa = XCVersionGroup;
			children = (
				269C0CF91B8E8D18008FB633 /* CompanyModel.xcdatamodel */,
			);
			currentVersion = 269C0CF91B8E8D18008FB633 /* CompanyModel.xcdatamodel */;
			path = CompanyModel.xcdatamodeld;
			sourceTree = "<group>";
			versionGroupType = wrapper.xcdatamodel;
		};
/* End XCVersionGroup section */
	};
	rootObject = 265B7DD41B053A080074450B /* Project object */;
}
