// !$*UTF8*$!
{
	archiveVersion = 1;
	classes = {
	};
	objectVersion = 46;
	objects = {

/* Begin PBXBuildFile section */
		2601191C1BA600D500540ED5 /* WorkWay+CoreDataProperties.swift in Sources */ = {isa = PBXBuildFile; fileRef = 2601191A1BA600D400540ED5 /* WorkWay+CoreDataProperties.swift */; };
		2601191D1BA600D500540ED5 /* WorkWay.swift in Sources */ = {isa = PBXBuildFile; fileRef = 2601191B1BA600D400540ED5 /* WorkWay.swift */; };
		2602AD551B14F2A100B0DB32 /* ArmadaApi.swift in Sources */ = {isa = PBXBuildFile; fileRef = 2602AD541B14F2A100B0DB32 /* ArmadaApi.swift */; };
		260376801B8EB7980031F92F /* CompanyValue+CoreDataProperties.swift in Sources */ = {isa = PBXBuildFile; fileRef = 2603767E1B8EB7980031F92F /* CompanyValue+CoreDataProperties.swift */; };
		260376811B8EB7980031F92F /* CompanyValue.swift in Sources */ = {isa = PBXBuildFile; fileRef = 2603767F1B8EB7980031F92F /* CompanyValue.swift */; };
		260376841B8EB9EB0031F92F /* Programme+CoreDataProperties.swift in Sources */ = {isa = PBXBuildFile; fileRef = 260376821B8EB9EB0031F92F /* Programme+CoreDataProperties.swift */; };
		260376851B8EB9EB0031F92F /* Programme.swift in Sources */ = {isa = PBXBuildFile; fileRef = 260376831B8EB9EB0031F92F /* Programme.swift */; };
		2633574A1BC69DA30046D05E /* TitleDetailTableViewCell.swift in Sources */ = {isa = PBXBuildFile; fileRef = 263357491BC69DA30046D05E /* TitleDetailTableViewCell.swift */; };
		265B7DE21B053A080074450B /* AppDelegate.swift in Sources */ = {isa = PBXBuildFile; fileRef = 265B7DE11B053A080074450B /* AppDelegate.swift */; };
		265B7DE91B053A080074450B /* Main.storyboard in Resources */ = {isa = PBXBuildFile; fileRef = 265B7DE71B053A080074450B /* Main.storyboard */; };
		265B7DEB1B053A080074450B /* Images.xcassets in Resources */ = {isa = PBXBuildFile; fileRef = 265B7DEA1B053A080074450B /* Images.xcassets */; };
		265B7DEE1B053A080074450B /* LaunchScreen.xib in Resources */ = {isa = PBXBuildFile; fileRef = 265B7DEC1B053A080074450B /* LaunchScreen.xib */; };
		265B7E041B0543820074450B /* fontawesome-webfont.ttf in Resources */ = {isa = PBXBuildFile; fileRef = 265B7E031B0543690074450B /* fontawesome-webfont.ttf */; };
		265BE5311B1BB1B90097F245 /* worldMap.html in Resources */ = {isa = PBXBuildFile; fileRef = 265BE5301B1BB1B90097F245 /* worldMap.html */; };
		267C08C91B57EB0600E79C37 /* Launch.storyboard in Resources */ = {isa = PBXBuildFile; fileRef = 267C08C81B57EB0600E79C37 /* Launch.storyboard */; };
		269A223C1B1CF45B00023BE8 /* TabBarController.swift in Sources */ = {isa = PBXBuildFile; fileRef = 269A223B1B1CF45B00023BE8 /* TabBarController.swift */; };
		269C0CFA1B8E8D18008FB633 /* CompanyModel.xcdatamodeld in Sources */ = {isa = PBXBuildFile; fileRef = 269C0CF81B8E8D18008FB633 /* CompanyModel.xcdatamodeld */; };
		269C0CFD1B8E8D9F008FB633 /* Company+CoreDataProperties.swift in Sources */ = {isa = PBXBuildFile; fileRef = 269C0CFB1B8E8D9F008FB633 /* Company+CoreDataProperties.swift */; };
		269C0CFE1B8E8D9F008FB633 /* Company.swift in Sources */ = {isa = PBXBuildFile; fileRef = 269C0CFC1B8E8D9F008FB633 /* Company.swift */; };
		269C0D011B8E9BDE008FB633 /* WorkField+CoreDataProperties.swift in Sources */ = {isa = PBXBuildFile; fileRef = 269C0CFF1B8E9BDE008FB633 /* WorkField+CoreDataProperties.swift */; };
		269C0D021B8E9BDE008FB633 /* WorkField.swift in Sources */ = {isa = PBXBuildFile; fileRef = 269C0D001B8E9BDE008FB633 /* WorkField.swift */; };
		269C0D051B8EAE5B008FB633 /* JobType+CoreDataProperties.swift in Sources */ = {isa = PBXBuildFile; fileRef = 269C0D031B8EAE5B008FB633 /* JobType+CoreDataProperties.swift */; };
		269C0D061B8EAE5B008FB633 /* JobType.swift in Sources */ = {isa = PBXBuildFile; fileRef = 269C0D041B8EAE5B008FB633 /* JobType.swift */; };
		269C0D091B8EB33D008FB633 /* Continent+CoreDataProperties.swift in Sources */ = {isa = PBXBuildFile; fileRef = 269C0D071B8EB33D008FB633 /* Continent+CoreDataProperties.swift */; };
		269C0D0A1B8EB33D008FB633 /* Continent.swift in Sources */ = {isa = PBXBuildFile; fileRef = 269C0D081B8EB33D008FB633 /* Continent.swift */; };
		26A15D401B07C5F500793724 /* CompanyFilterTableViewController.swift in Sources */ = {isa = PBXBuildFile; fileRef = 26A15D3F1B07C5F500793724 /* CompanyFilterTableViewController.swift */; };
		26B4697A1B5E858D00AE75E3 /* ScrollZoomTableViewController.swift in Sources */ = {isa = PBXBuildFile; fileRef = 26B469791B5E858D00AE75E3 /* ScrollZoomTableViewController.swift */; };
		26BD3D3B1B1607AF00CD0572 /* FavoriteCompanies.swift in Sources */ = {isa = PBXBuildFile; fileRef = 26BD3D3A1B1607AF00CD0572 /* FavoriteCompanies.swift */; };
		26BD3D3D1B1607D800CD0572 /* CommonExtensions.swift in Sources */ = {isa = PBXBuildFile; fileRef = 26BD3D3C1B1607D800CD0572 /* CommonExtensions.swift */; };
		26C2EF941BA211FE00D125D8 /* CompanyTypeTableViewCell.swift in Sources */ = {isa = PBXBuildFile; fileRef = 26C2EF931BA211FE00D125D8 /* CompanyTypeTableViewCell.swift */; };
		26C652691BB5FBEA00798FBE /* ArmadaTableViewDataSource.swift in Sources */ = {isa = PBXBuildFile; fileRef = 26C652681BB5FBEA00798FBE /* ArmadaTableViewDataSource.swift */; };
		26CE1F561B21E8F3009FDD22 /* AddCompanyPropertyTableViewController.swift in Sources */ = {isa = PBXBuildFile; fileRef = 26CE1F551B21E8F3009FDD22 /* AddCompanyPropertyTableViewController.swift */; };
		26D45D091BA4FBD7004A786B /* CompanyBoolCell.swift in Sources */ = {isa = PBXBuildFile; fileRef = 26D45D081BA4FBD7004A786B /* CompanyBoolCell.swift */; };
		26EE7B701BED3B3C00752ADF /* CompanyFilter.swift in Sources */ = {isa = PBXBuildFile; fileRef = 26EE7B6F1BED3B3C00752ADF /* CompanyFilter.swift */; };
		911FCF9C1F7A176D0007FE5F /* NewsArticleViewController.swift in Sources */ = {isa = PBXBuildFile; fileRef = 911FCF9B1F7A176D0007FE5F /* NewsArticleViewController.swift */; };
		912E059C1F7EDD920088B6C6 /* EventDetailViewController.swift in Sources */ = {isa = PBXBuildFile; fileRef = 912E059B1F7EDD920088B6C6 /* EventDetailViewController.swift */; };
		914823A61F7ED830007037F3 /* ArmadaEventTableViewController.swift in Sources */ = {isa = PBXBuildFile; fileRef = 914823A51F7ED830007037F3 /* ArmadaEventTableViewController.swift */; };
		914823A81F7ED8B7007037F3 /* ArmadaEventTableViewCell.swift in Sources */ = {isa = PBXBuildFile; fileRef = 914823A71F7ED8B7007037F3 /* ArmadaEventTableViewCell.swift */; };
		91D8B1BD1F78E18500E18A7F /* TopWhiteCell.swift in Sources */ = {isa = PBXBuildFile; fileRef = 91D8B1BC1F78E18500E18A7F /* TopWhiteCell.swift */; };
		91DA4A551F8FC691005EE814 /* EventTableViewController.swift in Sources */ = {isa = PBXBuildFile; fileRef = 91DA4A541F8FC691005EE814 /* EventTableViewController.swift */; };
		91DA4A571F8FC788005EE814 /* EventTableViewCell.swift in Sources */ = {isa = PBXBuildFile; fileRef = 91DA4A561F8FC788005EE814 /* EventTableViewCell.swift */; };
		91E701C51F7A2BCB00422500 /* ArmadaViewController.swift in Sources */ = {isa = PBXBuildFile; fileRef = 91E701C41F7A2BCB00422500 /* ArmadaViewController.swift */; };
		9F09154D1F712B5E006BAB1D /* LargeWhiteCell.swift in Sources */ = {isa = PBXBuildFile; fileRef = 9F09154C1F712B5E006BAB1D /* LargeWhiteCell.swift */; };
		9F09154F1F71A36D006BAB1D /* SmallWhiteCell.swift in Sources */ = {isa = PBXBuildFile; fileRef = 9F09154E1F71A36D006BAB1D /* SmallWhiteCell.swift */; };
		9F793D6F1ED360A0002C36E3 /* NewsViewController.swift in Sources */ = {isa = PBXBuildFile; fileRef = 9F793D6E1ED360A0002C36E3 /* NewsViewController.swift */; };
		9F821B4C1F6B2ACD0071BF28 /* AboutHeaderCollectionReusableView.swift in Sources */ = {isa = PBXBuildFile; fileRef = 9F821B4B1F6B2ACD0071BF28 /* AboutHeaderCollectionReusableView.swift */; };
		9F821B4F1F6B2B680071BF28 /* ArmadaCollectionViewDataSource.swift in Sources */ = {isa = PBXBuildFile; fileRef = 9F821B4E1F6B2B680071BF28 /* ArmadaCollectionViewDataSource.swift */; };
		9F821B511F6B2BBD0071BF28 /* AboutCollectionViewController.swift in Sources */ = {isa = PBXBuildFile; fileRef = 9F821B501F6B2BBD0071BF28 /* AboutCollectionViewController.swift */; };
		9F821B531F6B2C010071BF28 /* PartnerCollectionViewCell.swift in Sources */ = {isa = PBXBuildFile; fileRef = 9F821B521F6B2C010071BF28 /* PartnerCollectionViewCell.swift */; };
		9F8331841F7296FF00BAC064 /* dateBanner.png in Resources */ = {isa = PBXBuildFile; fileRef = 9F8331831F7296FF00BAC064 /* dateBanner.png */; };
		9F8696FE1F8D768400F6B4B3 /* MatchNavigationController.swift in Sources */ = {isa = PBXBuildFile; fileRef = 9F8696FD1F8D768400F6B4B3 /* MatchNavigationController.swift */; };
		9F8B09E91F8CB7E800FEA704 /* matchWorld.swift in Sources */ = {isa = PBXBuildFile; fileRef = 9F8B09E81F8CB7E800FEA704 /* matchWorld.swift */; };
		9F8B09ED1F8CB86500FEA704 /* matchEnd.swift in Sources */ = {isa = PBXBuildFile; fileRef = 9F8B09EC1F8CB86500FEA704 /* matchEnd.swift */; };
		9F8B09EF1F8CB87E00FEA704 /* matchInterest.swift in Sources */ = {isa = PBXBuildFile; fileRef = 9F8B09EE1F8CB87E00FEA704 /* matchInterest.swift */; };
		9F8B09F11F8CB89300FEA704 /* matchLooking.swift in Sources */ = {isa = PBXBuildFile; fileRef = 9F8B09F01F8CB89300FEA704 /* matchLooking.swift */; };
		9F8B09F31F8CB8A500FEA704 /* matchSelectInterest.swift in Sources */ = {isa = PBXBuildFile; fileRef = 9F8B09F21F8CB8A500FEA704 /* matchSelectInterest.swift */; };
		9F8B09F51F8CB8BC00FEA704 /* matchStart.swift in Sources */ = {isa = PBXBuildFile; fileRef = 9F8B09F41F8CB8BC00FEA704 /* matchStart.swift */; };
		9F8B09F71F8CB8D300FEA704 /* matchSweden.swift in Sources */ = {isa = PBXBuildFile; fileRef = 9F8B09F61F8CB8D300FEA704 /* matchSweden.swift */; };
		9F8B09F91F8CB8E600FEA704 /* matchTeam.swift in Sources */ = {isa = PBXBuildFile; fileRef = 9F8B09F81F8CB8E600FEA704 /* matchTeam.swift */; };
		9F8B09FB1F8CB8FA00FEA704 /* matchTravel.swift in Sources */ = {isa = PBXBuildFile; fileRef = 9F8B09FA1F8CB8FA00FEA704 /* matchTravel.swift */; };
		9F8B09FD1F8CB92000FEA704 /* matchDataClass.swift in Sources */ = {isa = PBXBuildFile; fileRef = 9F8B09FC1F8CB92000FEA704 /* matchDataClass.swift */; };
		9FB92B801F752B5200671E5F /* armada_round_logo_green.png in Resources */ = {isa = PBXBuildFile; fileRef = 9FB92B7F1F752B5200671E5F /* armada_round_logo_green.png */; };
		9FB92B821F75349800671E5F /* NewsNavigationController.swift in Sources */ = {isa = PBXBuildFile; fileRef = 9FB92B811F75349800671E5F /* NewsNavigationController.swift */; };
		9FB92B841F753A2F00671E5F /* circle_compressed.png in Resources */ = {isa = PBXBuildFile; fileRef = 9FB92B831F753A2F00671E5F /* circle_compressed.png */; };
		9FF3C5371F725BB400822128 /* BebasNeue-Regular.otf in Resources */ = {isa = PBXBuildFile; fileRef = 9FF3C5321F725BB400822128 /* BebasNeue-Regular.otf */; };
		9FF3C5381F725BB400822128 /* BebasNeue-Light.otf in Resources */ = {isa = PBXBuildFile; fileRef = 9FF3C5331F725BB400822128 /* BebasNeue-Light.otf */; };
		9FF3C5391F725BB400822128 /* BebasNeue-Book.otf in Resources */ = {isa = PBXBuildFile; fileRef = 9FF3C5341F725BB400822128 /* BebasNeue-Book.otf */; };
		9FF3C53A1F725BB400822128 /* BebasNeue-Bold.otf in Resources */ = {isa = PBXBuildFile; fileRef = 9FF3C5351F725BB400822128 /* BebasNeue-Bold.otf */; };
		9FF3C53B1F725BB400822128 /* BebasNeue-Thin.otf in Resources */ = {isa = PBXBuildFile; fileRef = 9FF3C5361F725BB400822128 /* BebasNeue-Thin.otf */; };
		9FF3C54E1F725CDC00822128 /* Lato-Black.ttf in Resources */ = {isa = PBXBuildFile; fileRef = 9FF3C53C1F725CDC00822128 /* Lato-Black.ttf */; };
		9FF3C54F1F725CDC00822128 /* Lato-BlackItalic.ttf in Resources */ = {isa = PBXBuildFile; fileRef = 9FF3C53D1F725CDC00822128 /* Lato-BlackItalic.ttf */; };
		9FF3C5501F725CDC00822128 /* Lato-Bold.ttf in Resources */ = {isa = PBXBuildFile; fileRef = 9FF3C53E1F725CDC00822128 /* Lato-Bold.ttf */; };
		9FF3C5511F725CDC00822128 /* Lato-BoldItalic.ttf in Resources */ = {isa = PBXBuildFile; fileRef = 9FF3C53F1F725CDC00822128 /* Lato-BoldItalic.ttf */; };
		9FF3C5521F725CDC00822128 /* Lato-Hairline.ttf in Resources */ = {isa = PBXBuildFile; fileRef = 9FF3C5401F725CDC00822128 /* Lato-Hairline.ttf */; };
		9FF3C5531F725CDC00822128 /* Lato-HairlineItalic.ttf in Resources */ = {isa = PBXBuildFile; fileRef = 9FF3C5411F725CDC00822128 /* Lato-HairlineItalic.ttf */; };
		9FF3C5541F725CDC00822128 /* Lato-Heavy.ttf in Resources */ = {isa = PBXBuildFile; fileRef = 9FF3C5421F725CDC00822128 /* Lato-Heavy.ttf */; };
		9FF3C5551F725CDC00822128 /* Lato-HeavyItalic.ttf in Resources */ = {isa = PBXBuildFile; fileRef = 9FF3C5431F725CDC00822128 /* Lato-HeavyItalic.ttf */; };
		9FF3C5561F725CDC00822128 /* Lato-Italic.ttf in Resources */ = {isa = PBXBuildFile; fileRef = 9FF3C5441F725CDC00822128 /* Lato-Italic.ttf */; };
		9FF3C5571F725CDC00822128 /* Lato-Light.ttf in Resources */ = {isa = PBXBuildFile; fileRef = 9FF3C5451F725CDC00822128 /* Lato-Light.ttf */; };
		9FF3C5581F725CDC00822128 /* Lato-LightItalic.ttf in Resources */ = {isa = PBXBuildFile; fileRef = 9FF3C5461F725CDC00822128 /* Lato-LightItalic.ttf */; };
		9FF3C5591F725CDC00822128 /* Lato-Medium.ttf in Resources */ = {isa = PBXBuildFile; fileRef = 9FF3C5471F725CDC00822128 /* Lato-Medium.ttf */; };
		9FF3C55A1F725CDC00822128 /* Lato-MediumItalic.ttf in Resources */ = {isa = PBXBuildFile; fileRef = 9FF3C5481F725CDC00822128 /* Lato-MediumItalic.ttf */; };
		9FF3C55B1F725CDC00822128 /* Lato-Regular.ttf in Resources */ = {isa = PBXBuildFile; fileRef = 9FF3C5491F725CDC00822128 /* Lato-Regular.ttf */; };
		9FF3C55C1F725CDC00822128 /* Lato-Semibold.ttf in Resources */ = {isa = PBXBuildFile; fileRef = 9FF3C54A1F725CDC00822128 /* Lato-Semibold.ttf */; };
		9FF3C55D1F725CDC00822128 /* Lato-SemiboldItalic.ttf in Resources */ = {isa = PBXBuildFile; fileRef = 9FF3C54B1F725CDC00822128 /* Lato-SemiboldItalic.ttf */; };
		9FF3C55E1F725CDC00822128 /* Lato-Thin.ttf in Resources */ = {isa = PBXBuildFile; fileRef = 9FF3C54C1F725CDC00822128 /* Lato-Thin.ttf */; };
		9FF3C55F1F725CDC00822128 /* Lato-ThinItalic.ttf in Resources */ = {isa = PBXBuildFile; fileRef = 9FF3C54D1F725CDC00822128 /* Lato-ThinItalic.ttf */; };
		E3FCCC5F1DCEA82100A8FA02 /* Companies.sqlite in Resources */ = {isa = PBXBuildFile; fileRef = E3FCCC5C1DCEA82100A8FA02 /* Companies.sqlite */; };
		E3FCCC601DCEA82100A8FA02 /* Companies.sqlite in Resources */ = {isa = PBXBuildFile; fileRef = E3FCCC5C1DCEA82100A8FA02 /* Companies.sqlite */; };
		E3FCCC611DCEA82100A8FA02 /* Companies.sqlite-shm in Resources */ = {isa = PBXBuildFile; fileRef = E3FCCC5D1DCEA82100A8FA02 /* Companies.sqlite-shm */; };
		E3FCCC621DCEA82100A8FA02 /* Companies.sqlite-shm in Resources */ = {isa = PBXBuildFile; fileRef = E3FCCC5D1DCEA82100A8FA02 /* Companies.sqlite-shm */; };
		E3FCCC631DCEA82100A8FA02 /* Companies.sqlite-wal in Resources */ = {isa = PBXBuildFile; fileRef = E3FCCC5E1DCEA82100A8FA02 /* Companies.sqlite-wal */; };
		E3FCCC641DCEA82100A8FA02 /* Companies.sqlite-wal in Resources */ = {isa = PBXBuildFile; fileRef = E3FCCC5E1DCEA82100A8FA02 /* Companies.sqlite-wal */; };
		E801595648C89AF709AF00C2 /* Pods_Armada.framework in Frameworks */ = {isa = PBXBuildFile; fileRef = C1BF929418D7AD19D30D7CF2 /* Pods_Armada.framework */; };
/* End PBXBuildFile section */

/* Begin PBXContainerItemProxy section */
		265B7DF41B053A080074450B /* PBXContainerItemProxy */ = {
			isa = PBXContainerItemProxy;
			containerPortal = 265B7DD41B053A080074450B /* Project object */;
			proxyType = 1;
			remoteGlobalIDString = 265B7DDB1B053A080074450B;
			remoteInfo = Teststs;
		};
/* End PBXContainerItemProxy section */

/* Begin PBXFileReference section */
		2601191A1BA600D400540ED5 /* WorkWay+CoreDataProperties.swift */ = {isa = PBXFileReference; fileEncoding = 4; lastKnownFileType = sourcecode.swift; path = "WorkWay+CoreDataProperties.swift"; sourceTree = "<group>"; };
		2601191B1BA600D400540ED5 /* WorkWay.swift */ = {isa = PBXFileReference; fileEncoding = 4; lastKnownFileType = sourcecode.swift; path = WorkWay.swift; sourceTree = "<group>"; };
		2602AD541B14F2A100B0DB32 /* ArmadaApi.swift */ = {isa = PBXFileReference; fileEncoding = 4; lastKnownFileType = sourcecode.swift; path = ArmadaApi.swift; sourceTree = "<group>"; };
		2603767E1B8EB7980031F92F /* CompanyValue+CoreDataProperties.swift */ = {isa = PBXFileReference; fileEncoding = 4; lastKnownFileType = sourcecode.swift; path = "CompanyValue+CoreDataProperties.swift"; sourceTree = "<group>"; };
		2603767F1B8EB7980031F92F /* CompanyValue.swift */ = {isa = PBXFileReference; fileEncoding = 4; lastKnownFileType = sourcecode.swift; path = CompanyValue.swift; sourceTree = "<group>"; };
		260376821B8EB9EB0031F92F /* Programme+CoreDataProperties.swift */ = {isa = PBXFileReference; fileEncoding = 4; lastKnownFileType = sourcecode.swift; path = "Programme+CoreDataProperties.swift"; sourceTree = "<group>"; };
		260376831B8EB9EB0031F92F /* Programme.swift */ = {isa = PBXFileReference; fileEncoding = 4; lastKnownFileType = sourcecode.swift; path = Programme.swift; sourceTree = "<group>"; };
		263357491BC69DA30046D05E /* TitleDetailTableViewCell.swift */ = {isa = PBXFileReference; fileEncoding = 4; lastKnownFileType = sourcecode.swift; name = TitleDetailTableViewCell.swift; path = ../TitleDetailTableViewCell.swift; sourceTree = "<group>"; };
		26402E5E1B8FA54F00EC84E4 /* armadaEvents.sketch */ = {isa = PBXFileReference; lastKnownFileType = file; path = armadaEvents.sketch; sourceTree = "<group>"; };
		265B7DDC1B053A080074450B /* Armada.app */ = {isa = PBXFileReference; explicitFileType = wrapper.application; includeInIndex = 0; path = Armada.app; sourceTree = BUILT_PRODUCTS_DIR; };
		265B7DE01B053A080074450B /* Info.plist */ = {isa = PBXFileReference; lastKnownFileType = text.plist.xml; path = Info.plist; sourceTree = "<group>"; };
		265B7DE11B053A080074450B /* AppDelegate.swift */ = {isa = PBXFileReference; lastKnownFileType = sourcecode.swift; path = AppDelegate.swift; sourceTree = "<group>"; };
		265B7DE81B053A080074450B /* Base */ = {isa = PBXFileReference; lastKnownFileType = file.storyboard; name = Base; path = Base.lproj/Main.storyboard; sourceTree = "<group>"; };
		265B7DEA1B053A080074450B /* Images.xcassets */ = {isa = PBXFileReference; lastKnownFileType = folder.assetcatalog; path = Images.xcassets; sourceTree = "<group>"; };
		265B7DED1B053A080074450B /* Base */ = {isa = PBXFileReference; lastKnownFileType = file.xib; name = Base; path = Base.lproj/LaunchScreen.xib; sourceTree = "<group>"; };
		265B7DF31B053A080074450B /* Armada.xctest */ = {isa = PBXFileReference; explicitFileType = wrapper.cfbundle; includeInIndex = 0; path = Armada.xctest; sourceTree = BUILT_PRODUCTS_DIR; };
		265B7DF81B053A080074450B /* Info.plist */ = {isa = PBXFileReference; lastKnownFileType = text.plist.xml; path = Info.plist; sourceTree = "<group>"; };
		265B7E031B0543690074450B /* fontawesome-webfont.ttf */ = {isa = PBXFileReference; lastKnownFileType = file; path = "fontawesome-webfont.ttf"; sourceTree = "<group>"; };
		265BE5301B1BB1B90097F245 /* worldMap.html */ = {isa = PBXFileReference; fileEncoding = 4; lastKnownFileType = text.html; path = worldMap.html; sourceTree = "<group>"; };
		267C08C81B57EB0600E79C37 /* Launch.storyboard */ = {isa = PBXFileReference; fileEncoding = 4; lastKnownFileType = file.storyboard; name = Launch.storyboard; path = ../Launch.storyboard; sourceTree = "<group>"; };
		269A223B1B1CF45B00023BE8 /* TabBarController.swift */ = {isa = PBXFileReference; fileEncoding = 4; lastKnownFileType = sourcecode.swift; path = TabBarController.swift; sourceTree = "<group>"; };
		269C0CF91B8E8D18008FB633 /* CompanyModel.xcdatamodel */ = {isa = PBXFileReference; lastKnownFileType = wrapper.xcdatamodel; path = CompanyModel.xcdatamodel; sourceTree = "<group>"; };
		269C0CFB1B8E8D9F008FB633 /* Company+CoreDataProperties.swift */ = {isa = PBXFileReference; fileEncoding = 4; lastKnownFileType = sourcecode.swift; path = "Company+CoreDataProperties.swift"; sourceTree = "<group>"; };
		269C0CFC1B8E8D9F008FB633 /* Company.swift */ = {isa = PBXFileReference; fileEncoding = 4; lastKnownFileType = sourcecode.swift; path = Company.swift; sourceTree = "<group>"; };
		269C0CFF1B8E9BDE008FB633 /* WorkField+CoreDataProperties.swift */ = {isa = PBXFileReference; fileEncoding = 4; lastKnownFileType = sourcecode.swift; path = "WorkField+CoreDataProperties.swift"; sourceTree = "<group>"; };
		269C0D001B8E9BDE008FB633 /* WorkField.swift */ = {isa = PBXFileReference; fileEncoding = 4; lastKnownFileType = sourcecode.swift; path = WorkField.swift; sourceTree = "<group>"; };
		269C0D031B8EAE5B008FB633 /* JobType+CoreDataProperties.swift */ = {isa = PBXFileReference; fileEncoding = 4; lastKnownFileType = sourcecode.swift; path = "JobType+CoreDataProperties.swift"; sourceTree = "<group>"; };
		269C0D041B8EAE5B008FB633 /* JobType.swift */ = {isa = PBXFileReference; fileEncoding = 4; lastKnownFileType = sourcecode.swift; path = JobType.swift; sourceTree = "<group>"; };
		269C0D071B8EB33D008FB633 /* Continent+CoreDataProperties.swift */ = {isa = PBXFileReference; fileEncoding = 4; lastKnownFileType = sourcecode.swift; path = "Continent+CoreDataProperties.swift"; sourceTree = "<group>"; };
		269C0D081B8EB33D008FB633 /* Continent.swift */ = {isa = PBXFileReference; fileEncoding = 4; lastKnownFileType = sourcecode.swift; path = Continent.swift; sourceTree = "<group>"; };
		26A15D3F1B07C5F500793724 /* CompanyFilterTableViewController.swift */ = {isa = PBXFileReference; fileEncoding = 4; lastKnownFileType = sourcecode.swift; path = CompanyFilterTableViewController.swift; sourceTree = "<group>"; };
		26B469791B5E858D00AE75E3 /* ScrollZoomTableViewController.swift */ = {isa = PBXFileReference; fileEncoding = 4; lastKnownFileType = sourcecode.swift; path = ScrollZoomTableViewController.swift; sourceTree = "<group>"; };
		26BD3D3A1B1607AF00CD0572 /* FavoriteCompanies.swift */ = {isa = PBXFileReference; fileEncoding = 4; lastKnownFileType = sourcecode.swift; path = FavoriteCompanies.swift; sourceTree = "<group>"; };
		26BD3D3C1B1607D800CD0572 /* CommonExtensions.swift */ = {isa = PBXFileReference; fileEncoding = 4; lastKnownFileType = sourcecode.swift; path = CommonExtensions.swift; sourceTree = "<group>"; };
		26C2EF931BA211FE00D125D8 /* CompanyTypeTableViewCell.swift */ = {isa = PBXFileReference; fileEncoding = 4; lastKnownFileType = sourcecode.swift; path = CompanyTypeTableViewCell.swift; sourceTree = "<group>"; };
		26C652681BB5FBEA00798FBE /* ArmadaTableViewDataSource.swift */ = {isa = PBXFileReference; fileEncoding = 4; lastKnownFileType = sourcecode.swift; path = ArmadaTableViewDataSource.swift; sourceTree = "<group>"; };
		26CE1F551B21E8F3009FDD22 /* AddCompanyPropertyTableViewController.swift */ = {isa = PBXFileReference; fileEncoding = 4; lastKnownFileType = sourcecode.swift; path = AddCompanyPropertyTableViewController.swift; sourceTree = "<group>"; };
		26D45D081BA4FBD7004A786B /* CompanyBoolCell.swift */ = {isa = PBXFileReference; fileEncoding = 4; lastKnownFileType = sourcecode.swift; path = CompanyBoolCell.swift; sourceTree = "<group>"; };
		26EE7B6F1BED3B3C00752ADF /* CompanyFilter.swift */ = {isa = PBXFileReference; fileEncoding = 4; lastKnownFileType = sourcecode.swift; path = CompanyFilter.swift; sourceTree = "<group>"; };
		6B671CB0C8CEC3C4830CACBB /* Pods-Armada.debug.xcconfig */ = {isa = PBXFileReference; includeInIndex = 1; lastKnownFileType = text.xcconfig; name = "Pods-Armada.debug.xcconfig"; path = "Pods/Target Support Files/Pods-Armada/Pods-Armada.debug.xcconfig"; sourceTree = "<group>"; };
		911FCF9B1F7A176D0007FE5F /* NewsArticleViewController.swift */ = {isa = PBXFileReference; fileEncoding = 4; lastKnownFileType = sourcecode.swift; path = NewsArticleViewController.swift; sourceTree = "<group>"; };
		912E059B1F7EDD920088B6C6 /* EventDetailViewController.swift */ = {isa = PBXFileReference; fileEncoding = 4; lastKnownFileType = sourcecode.swift; path = EventDetailViewController.swift; sourceTree = "<group>"; };
		914823A51F7ED830007037F3 /* ArmadaEventTableViewController.swift */ = {isa = PBXFileReference; fileEncoding = 4; lastKnownFileType = sourcecode.swift; path = ArmadaEventTableViewController.swift; sourceTree = "<group>"; };
		914823A71F7ED8B7007037F3 /* ArmadaEventTableViewCell.swift */ = {isa = PBXFileReference; fileEncoding = 4; lastKnownFileType = sourcecode.swift; path = ArmadaEventTableViewCell.swift; sourceTree = "<group>"; };
		91D8B1BC1F78E18500E18A7F /* TopWhiteCell.swift */ = {isa = PBXFileReference; fileEncoding = 4; lastKnownFileType = sourcecode.swift; path = TopWhiteCell.swift; sourceTree = "<group>"; };
		91DA4A541F8FC691005EE814 /* EventTableViewController.swift */ = {isa = PBXFileReference; lastKnownFileType = sourcecode.swift; path = EventTableViewController.swift; sourceTree = "<group>"; };
		91DA4A561F8FC788005EE814 /* EventTableViewCell.swift */ = {isa = PBXFileReference; lastKnownFileType = sourcecode.swift; path = EventTableViewCell.swift; sourceTree = "<group>"; };
		91E701C41F7A2BCB00422500 /* ArmadaViewController.swift */ = {isa = PBXFileReference; fileEncoding = 4; lastKnownFileType = sourcecode.swift; path = ArmadaViewController.swift; sourceTree = "<group>"; };
		9F09154C1F712B5E006BAB1D /* LargeWhiteCell.swift */ = {isa = PBXFileReference; fileEncoding = 4; lastKnownFileType = sourcecode.swift; path = LargeWhiteCell.swift; sourceTree = "<group>"; };
		9F09154E1F71A36D006BAB1D /* SmallWhiteCell.swift */ = {isa = PBXFileReference; fileEncoding = 4; lastKnownFileType = sourcecode.swift; path = SmallWhiteCell.swift; sourceTree = "<group>"; };
		9F793D6E1ED360A0002C36E3 /* NewsViewController.swift */ = {isa = PBXFileReference; fileEncoding = 4; lastKnownFileType = sourcecode.swift; path = NewsViewController.swift; sourceTree = "<group>"; };
		9F821B4B1F6B2ACD0071BF28 /* AboutHeaderCollectionReusableView.swift */ = {isa = PBXFileReference; fileEncoding = 4; lastKnownFileType = sourcecode.swift; path = AboutHeaderCollectionReusableView.swift; sourceTree = "<group>"; };
		9F821B4E1F6B2B680071BF28 /* ArmadaCollectionViewDataSource.swift */ = {isa = PBXFileReference; fileEncoding = 4; lastKnownFileType = sourcecode.swift; path = ArmadaCollectionViewDataSource.swift; sourceTree = "<group>"; };
		9F821B501F6B2BBD0071BF28 /* AboutCollectionViewController.swift */ = {isa = PBXFileReference; fileEncoding = 4; lastKnownFileType = sourcecode.swift; path = AboutCollectionViewController.swift; sourceTree = "<group>"; };
		9F821B521F6B2C010071BF28 /* PartnerCollectionViewCell.swift */ = {isa = PBXFileReference; fileEncoding = 4; lastKnownFileType = sourcecode.swift; path = PartnerCollectionViewCell.swift; sourceTree = "<group>"; };
		9F8331831F7296FF00BAC064 /* dateBanner.png */ = {isa = PBXFileReference; lastKnownFileType = image.png; path = dateBanner.png; sourceTree = "<group>"; };
		9F8696FD1F8D768400F6B4B3 /* MatchNavigationController.swift */ = {isa = PBXFileReference; fileEncoding = 4; lastKnownFileType = sourcecode.swift; path = MatchNavigationController.swift; sourceTree = "<group>"; };
		9F8B09E81F8CB7E800FEA704 /* matchWorld.swift */ = {isa = PBXFileReference; fileEncoding = 4; lastKnownFileType = sourcecode.swift; path = matchWorld.swift; sourceTree = "<group>"; };
		9F8B09EC1F8CB86500FEA704 /* matchEnd.swift */ = {isa = PBXFileReference; fileEncoding = 4; lastKnownFileType = sourcecode.swift; path = matchEnd.swift; sourceTree = "<group>"; };
		9F8B09EE1F8CB87E00FEA704 /* matchInterest.swift */ = {isa = PBXFileReference; fileEncoding = 4; lastKnownFileType = sourcecode.swift; path = matchInterest.swift; sourceTree = "<group>"; };
		9F8B09F01F8CB89300FEA704 /* matchLooking.swift */ = {isa = PBXFileReference; fileEncoding = 4; lastKnownFileType = sourcecode.swift; path = matchLooking.swift; sourceTree = "<group>"; };
		9F8B09F21F8CB8A500FEA704 /* matchSelectInterest.swift */ = {isa = PBXFileReference; fileEncoding = 4; lastKnownFileType = sourcecode.swift; path = matchSelectInterest.swift; sourceTree = "<group>"; };
		9F8B09F41F8CB8BC00FEA704 /* matchStart.swift */ = {isa = PBXFileReference; fileEncoding = 4; lastKnownFileType = sourcecode.swift; path = matchStart.swift; sourceTree = "<group>"; };
		9F8B09F61F8CB8D300FEA704 /* matchSweden.swift */ = {isa = PBXFileReference; fileEncoding = 4; lastKnownFileType = sourcecode.swift; path = matchSweden.swift; sourceTree = "<group>"; };
		9F8B09F81F8CB8E600FEA704 /* matchTeam.swift */ = {isa = PBXFileReference; fileEncoding = 4; lastKnownFileType = sourcecode.swift; path = matchTeam.swift; sourceTree = "<group>"; };
		9F8B09FA1F8CB8FA00FEA704 /* matchTravel.swift */ = {isa = PBXFileReference; fileEncoding = 4; lastKnownFileType = sourcecode.swift; path = matchTravel.swift; sourceTree = "<group>"; };
		9F8B09FC1F8CB92000FEA704 /* matchDataClass.swift */ = {isa = PBXFileReference; fileEncoding = 4; lastKnownFileType = sourcecode.swift; path = matchDataClass.swift; sourceTree = "<group>"; };
		9FB92B7F1F752B5200671E5F /* armada_round_logo_green.png */ = {isa = PBXFileReference; lastKnownFileType = image.png; path = armada_round_logo_green.png; sourceTree = "<group>"; };
		9FB92B811F75349800671E5F /* NewsNavigationController.swift */ = {isa = PBXFileReference; fileEncoding = 4; lastKnownFileType = sourcecode.swift; path = NewsNavigationController.swift; sourceTree = "<group>"; };
		9FB92B831F753A2F00671E5F /* circle_compressed.png */ = {isa = PBXFileReference; lastKnownFileType = image.png; path = circle_compressed.png; sourceTree = "<group>"; };
		9FF3C5321F725BB400822128 /* BebasNeue-Regular.otf */ = {isa = PBXFileReference; lastKnownFileType = file; path = "BebasNeue-Regular.otf"; sourceTree = "<group>"; };
		9FF3C5331F725BB400822128 /* BebasNeue-Light.otf */ = {isa = PBXFileReference; lastKnownFileType = file; path = "BebasNeue-Light.otf"; sourceTree = "<group>"; };
		9FF3C5341F725BB400822128 /* BebasNeue-Book.otf */ = {isa = PBXFileReference; lastKnownFileType = file; path = "BebasNeue-Book.otf"; sourceTree = "<group>"; };
		9FF3C5351F725BB400822128 /* BebasNeue-Bold.otf */ = {isa = PBXFileReference; lastKnownFileType = file; path = "BebasNeue-Bold.otf"; sourceTree = "<group>"; };
		9FF3C5361F725BB400822128 /* BebasNeue-Thin.otf */ = {isa = PBXFileReference; lastKnownFileType = file; path = "BebasNeue-Thin.otf"; sourceTree = "<group>"; };
		9FF3C53C1F725CDC00822128 /* Lato-Black.ttf */ = {isa = PBXFileReference; lastKnownFileType = file; path = "Lato-Black.ttf"; sourceTree = "<group>"; };
		9FF3C53D1F725CDC00822128 /* Lato-BlackItalic.ttf */ = {isa = PBXFileReference; lastKnownFileType = file; path = "Lato-BlackItalic.ttf"; sourceTree = "<group>"; };
		9FF3C53E1F725CDC00822128 /* Lato-Bold.ttf */ = {isa = PBXFileReference; lastKnownFileType = file; path = "Lato-Bold.ttf"; sourceTree = "<group>"; };
		9FF3C53F1F725CDC00822128 /* Lato-BoldItalic.ttf */ = {isa = PBXFileReference; lastKnownFileType = file; path = "Lato-BoldItalic.ttf"; sourceTree = "<group>"; };
		9FF3C5401F725CDC00822128 /* Lato-Hairline.ttf */ = {isa = PBXFileReference; lastKnownFileType = file; path = "Lato-Hairline.ttf"; sourceTree = "<group>"; };
		9FF3C5411F725CDC00822128 /* Lato-HairlineItalic.ttf */ = {isa = PBXFileReference; lastKnownFileType = file; path = "Lato-HairlineItalic.ttf"; sourceTree = "<group>"; };
		9FF3C5421F725CDC00822128 /* Lato-Heavy.ttf */ = {isa = PBXFileReference; lastKnownFileType = file; path = "Lato-Heavy.ttf"; sourceTree = "<group>"; };
		9FF3C5431F725CDC00822128 /* Lato-HeavyItalic.ttf */ = {isa = PBXFileReference; lastKnownFileType = file; path = "Lato-HeavyItalic.ttf"; sourceTree = "<group>"; };
		9FF3C5441F725CDC00822128 /* Lato-Italic.ttf */ = {isa = PBXFileReference; lastKnownFileType = file; path = "Lato-Italic.ttf"; sourceTree = "<group>"; };
		9FF3C5451F725CDC00822128 /* Lato-Light.ttf */ = {isa = PBXFileReference; lastKnownFileType = file; path = "Lato-Light.ttf"; sourceTree = "<group>"; };
		9FF3C5461F725CDC00822128 /* Lato-LightItalic.ttf */ = {isa = PBXFileReference; lastKnownFileType = file; path = "Lato-LightItalic.ttf"; sourceTree = "<group>"; };
		9FF3C5471F725CDC00822128 /* Lato-Medium.ttf */ = {isa = PBXFileReference; lastKnownFileType = file; path = "Lato-Medium.ttf"; sourceTree = "<group>"; };
		9FF3C5481F725CDC00822128 /* Lato-MediumItalic.ttf */ = {isa = PBXFileReference; lastKnownFileType = file; path = "Lato-MediumItalic.ttf"; sourceTree = "<group>"; };
		9FF3C5491F725CDC00822128 /* Lato-Regular.ttf */ = {isa = PBXFileReference; lastKnownFileType = file; path = "Lato-Regular.ttf"; sourceTree = "<group>"; };
		9FF3C54A1F725CDC00822128 /* Lato-Semibold.ttf */ = {isa = PBXFileReference; lastKnownFileType = file; path = "Lato-Semibold.ttf"; sourceTree = "<group>"; };
		9FF3C54B1F725CDC00822128 /* Lato-SemiboldItalic.ttf */ = {isa = PBXFileReference; lastKnownFileType = file; path = "Lato-SemiboldItalic.ttf"; sourceTree = "<group>"; };
		9FF3C54C1F725CDC00822128 /* Lato-Thin.ttf */ = {isa = PBXFileReference; lastKnownFileType = file; path = "Lato-Thin.ttf"; sourceTree = "<group>"; };
		9FF3C54D1F725CDC00822128 /* Lato-ThinItalic.ttf */ = {isa = PBXFileReference; lastKnownFileType = file; path = "Lato-ThinItalic.ttf"; sourceTree = "<group>"; };
		C1BF929418D7AD19D30D7CF2 /* Pods_Armada.framework */ = {isa = PBXFileReference; explicitFileType = wrapper.framework; includeInIndex = 0; path = Pods_Armada.framework; sourceTree = BUILT_PRODUCTS_DIR; };
		E3FCCC5C1DCEA82100A8FA02 /* Companies.sqlite */ = {isa = PBXFileReference; lastKnownFileType = file; path = Companies.sqlite; sourceTree = "<group>"; };
		E3FCCC5D1DCEA82100A8FA02 /* Companies.sqlite-shm */ = {isa = PBXFileReference; lastKnownFileType = file; path = "Companies.sqlite-shm"; sourceTree = "<group>"; };
		E3FCCC5E1DCEA82100A8FA02 /* Companies.sqlite-wal */ = {isa = PBXFileReference; lastKnownFileType = file; path = "Companies.sqlite-wal"; sourceTree = "<group>"; };
		F0087BC68241597157F34BCB /* Pods-Armada.release.xcconfig */ = {isa = PBXFileReference; includeInIndex = 1; lastKnownFileType = text.xcconfig; name = "Pods-Armada.release.xcconfig"; path = "Pods/Target Support Files/Pods-Armada/Pods-Armada.release.xcconfig"; sourceTree = "<group>"; };
/* End PBXFileReference section */

/* Begin PBXFrameworksBuildPhase section */
		265B7DD91B053A080074450B /* Frameworks */ = {
			isa = PBXFrameworksBuildPhase;
			buildActionMask = 2147483647;
			files = (
				E801595648C89AF709AF00C2 /* Pods_Armada.framework in Frameworks */,
			);
			runOnlyForDeploymentPostprocessing = 0;
		};
		265B7DF01B053A080074450B /* Frameworks */ = {
			isa = PBXFrameworksBuildPhase;
			buildActionMask = 2147483647;
			files = (
			);
			runOnlyForDeploymentPostprocessing = 0;
		};
/* End PBXFrameworksBuildPhase section */

/* Begin PBXGroup section */
		0FAB1183AE1C93CC95A9B515 /* Pods */ = {
			isa = PBXGroup;
			children = (
				6B671CB0C8CEC3C4830CACBB /* Pods-Armada.debug.xcconfig */,
				F0087BC68241597157F34BCB /* Pods-Armada.release.xcconfig */,
			);
			name = Pods;
			sourceTree = "<group>";
		};
		265B7DD31B053A080074450B = {
			isa = PBXGroup;
			children = (
				265EABFF1BEC143F009CEDCD /* Core Data */,
				265B7DDE1B053A080074450B /* Armada */,
				265B7DF61B053A080074450B /* ArmadaTests */,
				265B7DDD1B053A080074450B /* Products */,
				0FAB1183AE1C93CC95A9B515 /* Pods */,
				B62E83CEC046579E8F959C80 /* Frameworks */,
			);
			sourceTree = "<group>";
		};
		265B7DDD1B053A080074450B /* Products */ = {
			isa = PBXGroup;
			children = (
				265B7DDC1B053A080074450B /* Armada.app */,
				265B7DF31B053A080074450B /* Armada.xctest */,
			);
			name = Products;
			sourceTree = "<group>";
		};
		265B7DDE1B053A080074450B /* Armada */ = {
			isa = PBXGroup;
			children = (
				9F8B09BB1F8CB51800FEA704 /* Match */,
				914823A41F7ED80C007037F3 /* Event */,
				91E701C41F7A2BCB00422500 /* ArmadaViewController.swift */,
				9FF3C5601F7260BB00822128 /* NavigationBars */,
				9F821B4D1F6B2AD60071BF28 /* About */,
				265B7DE11B053A080074450B /* AppDelegate.swift */,
				26402E5E1B8FA54F00EC84E4 /* armadaEvents.sketch */,
				26BD3D3C1B1607D800CD0572 /* CommonExtensions.swift */,
				269A223B1B1CF45B00023BE8 /* TabBarController.swift */,
				26C652681BB5FBEA00798FBE /* ArmadaTableViewDataSource.swift */,
				9F821B4E1F6B2B680071BF28 /* ArmadaCollectionViewDataSource.swift */,
				26B469791B5E858D00AE75E3 /* ScrollZoomTableViewController.swift */,
				26C6526A1BB5FF7700798FBE /* ArmadaApi */,
				265EABFE1BEC13AB009CEDCD /* Catalogue + Match */,
				265EABFB1BEC132A009CEDCD /* News */,
				265B7DE71B053A080074450B /* Main.storyboard */,
				267C08C81B57EB0600E79C37 /* Launch.storyboard */,
				265B7DEA1B053A080074450B /* Images.xcassets */,
				265B7DEC1B053A080074450B /* LaunchScreen.xib */,
				265B7DDF1B053A080074450B /* Supporting Files */,
			);
			name = Armada;
			path = Teststs;
			sourceTree = "<group>";
		};
		265B7DDF1B053A080074450B /* Supporting Files */ = {
			isa = PBXGroup;
			children = (
				9F3C3B831F92821C000AF777 /* matchimgs */,
				9F8331831F7296FF00BAC064 /* dateBanner.png */,
				9FB92B7F1F752B5200671E5F /* armada_round_logo_green.png */,
				9FB92B831F753A2F00671E5F /* circle_compressed.png */,
				9FF3C53C1F725CDC00822128 /* Lato-Black.ttf */,
				9FF3C53D1F725CDC00822128 /* Lato-BlackItalic.ttf */,
				9FF3C53E1F725CDC00822128 /* Lato-Bold.ttf */,
				9FF3C53F1F725CDC00822128 /* Lato-BoldItalic.ttf */,
				9FF3C5401F725CDC00822128 /* Lato-Hairline.ttf */,
				9FF3C5411F725CDC00822128 /* Lato-HairlineItalic.ttf */,
				9FF3C5421F725CDC00822128 /* Lato-Heavy.ttf */,
				9FF3C5431F725CDC00822128 /* Lato-HeavyItalic.ttf */,
				9FF3C5441F725CDC00822128 /* Lato-Italic.ttf */,
				9FF3C5451F725CDC00822128 /* Lato-Light.ttf */,
				9FF3C5461F725CDC00822128 /* Lato-LightItalic.ttf */,
				9FF3C5471F725CDC00822128 /* Lato-Medium.ttf */,
				9FF3C5481F725CDC00822128 /* Lato-MediumItalic.ttf */,
				9FF3C5491F725CDC00822128 /* Lato-Regular.ttf */,
				9FF3C54A1F725CDC00822128 /* Lato-Semibold.ttf */,
				9FF3C54B1F725CDC00822128 /* Lato-SemiboldItalic.ttf */,
				9FF3C54C1F725CDC00822128 /* Lato-Thin.ttf */,
				9FF3C54D1F725CDC00822128 /* Lato-ThinItalic.ttf */,
				9FF3C5321F725BB400822128 /* BebasNeue-Regular.otf */,
				9FF3C5331F725BB400822128 /* BebasNeue-Light.otf */,
				9FF3C5341F725BB400822128 /* BebasNeue-Book.otf */,
				9FF3C5351F725BB400822128 /* BebasNeue-Bold.otf */,
				9FF3C5361F725BB400822128 /* BebasNeue-Thin.otf */,
				265B7E031B0543690074450B /* fontawesome-webfont.ttf */,
				265B7DE01B053A080074450B /* Info.plist */,
			);
			name = "Supporting Files";
			sourceTree = "<group>";
		};
		265B7DF61B053A080074450B /* ArmadaTests */ = {
			isa = PBXGroup;
			children = (
				265B7DF71B053A080074450B /* Supporting Files */,
			);
			name = ArmadaTests;
			path = TeststsTests;
			sourceTree = "<group>";
		};
		265B7DF71B053A080074450B /* Supporting Files */ = {
			isa = PBXGroup;
			children = (
				265B7DF81B053A080074450B /* Info.plist */,
			);
			name = "Supporting Files";
			sourceTree = "<group>";
		};
		265EABFB1BEC132A009CEDCD /* News */ = {
			isa = PBXGroup;
			children = (
				9F793D6E1ED360A0002C36E3 /* NewsViewController.swift */,
				911FCF9B1F7A176D0007FE5F /* NewsArticleViewController.swift */,
				9F09154C1F712B5E006BAB1D /* LargeWhiteCell.swift */,
				91D8B1BC1F78E18500E18A7F /* TopWhiteCell.swift */,
				9F09154E1F71A36D006BAB1D /* SmallWhiteCell.swift */,
			);
			name = News;
			sourceTree = "<group>";
		};
		265EABFE1BEC13AB009CEDCD /* Catalogue + Match */ = {
			isa = PBXGroup;
			children = (
				265EAC001BEC1495009CEDCD /* Filter */,
				265BE5301B1BB1B90097F245 /* worldMap.html */,
			);
			name = "Catalogue + Match";
			sourceTree = "<group>";
		};
		265EABFF1BEC143F009CEDCD /* Core Data */ = {
			isa = PBXGroup;
			children = (
				2601191A1BA600D400540ED5 /* WorkWay+CoreDataProperties.swift */,
				2601191B1BA600D400540ED5 /* WorkWay.swift */,
				260376821B8EB9EB0031F92F /* Programme+CoreDataProperties.swift */,
				260376831B8EB9EB0031F92F /* Programme.swift */,
				2603767E1B8EB7980031F92F /* CompanyValue+CoreDataProperties.swift */,
				2603767F1B8EB7980031F92F /* CompanyValue.swift */,
				269C0D071B8EB33D008FB633 /* Continent+CoreDataProperties.swift */,
				269C0D081B8EB33D008FB633 /* Continent.swift */,
				269C0D031B8EAE5B008FB633 /* JobType+CoreDataProperties.swift */,
				269C0D041B8EAE5B008FB633 /* JobType.swift */,
				269C0CFF1B8E9BDE008FB633 /* WorkField+CoreDataProperties.swift */,
				269C0D001B8E9BDE008FB633 /* WorkField.swift */,
				269C0CFB1B8E8D9F008FB633 /* Company+CoreDataProperties.swift */,
				269C0CFC1B8E8D9F008FB633 /* Company.swift */,
			);
			name = "Core Data";
			sourceTree = "<group>";
		};
		265EAC001BEC1495009CEDCD /* Filter */ = {
			isa = PBXGroup;
			children = (
				26A15D3F1B07C5F500793724 /* CompanyFilterTableViewController.swift */,
				26EE7B6F1BED3B3C00752ADF /* CompanyFilter.swift */,
				26D45D081BA4FBD7004A786B /* CompanyBoolCell.swift */,
				26C2EF931BA211FE00D125D8 /* CompanyTypeTableViewCell.swift */,
				263357491BC69DA30046D05E /* TitleDetailTableViewCell.swift */,
				26CE1F551B21E8F3009FDD22 /* AddCompanyPropertyTableViewController.swift */,
			);
			name = Filter;
			sourceTree = "<group>";
		};
		26C6526A1BB5FF7700798FBE /* ArmadaApi */ = {
			isa = PBXGroup;
			children = (
				26BD3D3A1B1607AF00CD0572 /* FavoriteCompanies.swift */,
				2602AD541B14F2A100B0DB32 /* ArmadaApi.swift */,
				E3FCCC5C1DCEA82100A8FA02 /* Companies.sqlite */,
				E3FCCC5D1DCEA82100A8FA02 /* Companies.sqlite-shm */,
				E3FCCC5E1DCEA82100A8FA02 /* Companies.sqlite-wal */,
				269C0CF81B8E8D18008FB633 /* CompanyModel.xcdatamodeld */,
			);
			name = ArmadaApi;
			sourceTree = "<group>";
		};
		914823A41F7ED80C007037F3 /* Event */ = {
			isa = PBXGroup;
			children = (
				914823A51F7ED830007037F3 /* ArmadaEventTableViewController.swift */,
				914823A71F7ED8B7007037F3 /* ArmadaEventTableViewCell.swift */,
				912E059B1F7EDD920088B6C6 /* EventDetailViewController.swift */,
				91DA4A541F8FC691005EE814 /* EventTableViewController.swift */,
				91DA4A561F8FC788005EE814 /* EventTableViewCell.swift */,
			);
			name = Event;
			sourceTree = "<group>";
		};
		9F3C3B831F92821C000AF777 /* matchimgs */ = {
			isa = PBXGroup;
			children = (
			);
			name = matchimgs;
			sourceTree = "<group>";
		};
		9F821B4D1F6B2AD60071BF28 /* About */ = {
			isa = PBXGroup;
			children = (
				9F821B4B1F6B2ACD0071BF28 /* AboutHeaderCollectionReusableView.swift */,
				9F821B501F6B2BBD0071BF28 /* AboutCollectionViewController.swift */,
				9F821B521F6B2C010071BF28 /* PartnerCollectionViewCell.swift */,
			);
			name = About;
			sourceTree = "<group>";
		};
		9F8B09BB1F8CB51800FEA704 /* Match */ = {
			isa = PBXGroup;
			children = (
				9F8B09F41F8CB8BC00FEA704 /* matchStart.swift */,
				9F8B09F01F8CB89300FEA704 /* matchLooking.swift */,
				9F8B09F61F8CB8D300FEA704 /* matchSweden.swift */,
				9F8B09E81F8CB7E800FEA704 /* matchWorld.swift */,
				9F8B09FA1F8CB8FA00FEA704 /* matchTravel.swift */,
				9F8B09F81F8CB8E600FEA704 /* matchTeam.swift */,
				9F8B09F21F8CB8A500FEA704 /* matchSelectInterest.swift */,
				9F8B09EE1F8CB87E00FEA704 /* matchInterest.swift */,
				9F8B09EC1F8CB86500FEA704 /* matchEnd.swift */,
				9F8B09FC1F8CB92000FEA704 /* matchDataClass.swift */,
			);
			name = Match;
			sourceTree = "<group>";
		};
		9FF3C5601F7260BB00822128 /* NavigationBars */ = {
			isa = PBXGroup;
			children = (
				9FB92B811F75349800671E5F /* NewsNavigationController.swift */,
				9F8696FD1F8D768400F6B4B3 /* MatchNavigationController.swift */,
			);
			name = NavigationBars;
			sourceTree = "<group>";
		};
		B62E83CEC046579E8F959C80 /* Frameworks */ = {
			isa = PBXGroup;
			children = (
				C1BF929418D7AD19D30D7CF2 /* Pods_Armada.framework */,
			);
			name = Frameworks;
			sourceTree = "<group>";
		};
/* End PBXGroup section */

/* Begin PBXNativeTarget section */
		265B7DDB1B053A080074450B /* Armada */ = {
			isa = PBXNativeTarget;
			buildConfigurationList = 265B7DFD1B053A080074450B /* Build configuration list for PBXNativeTarget "Armada" */;
			buildPhases = (
				4C7F949F675E95AAF83E9784 /* [CP] Check Pods Manifest.lock */,
				265B7DD81B053A080074450B /* Sources */,
				265B7DD91B053A080074450B /* Frameworks */,
				265B7DDA1B053A080074450B /* Resources */,
				01AD4052DFC7CD8C3AFC268A /* [CP] Embed Pods Frameworks */,
				9F1A20BB5D2441EA22FBA379 /* [CP] Copy Pods Resources */,
			);
			buildRules = (
			);
			dependencies = (
			);
			name = Armada;
			productName = Teststs;
			productReference = 265B7DDC1B053A080074450B /* Armada.app */;
			productType = "com.apple.product-type.application";
		};
		265B7DF21B053A080074450B /* ArmadaTests */ = {
			isa = PBXNativeTarget;
			buildConfigurationList = 265B7E001B053A080074450B /* Build configuration list for PBXNativeTarget "ArmadaTests" */;
			buildPhases = (
				265B7DEF1B053A080074450B /* Sources */,
				265B7DF01B053A080074450B /* Frameworks */,
				265B7DF11B053A080074450B /* Resources */,
			);
			buildRules = (
			);
			dependencies = (
				265B7DF51B053A080074450B /* PBXTargetDependency */,
			);
			name = ArmadaTests;
			productName = TeststsTests;
			productReference = 265B7DF31B053A080074450B /* Armada.xctest */;
			productType = "com.apple.product-type.bundle.unit-test";
		};
/* End PBXNativeTarget section */

/* Begin PBXProject section */
		265B7DD41B053A080074450B /* Project object */ = {
			isa = PBXProject;
			attributes = {
				LastSwiftUpdateCheck = 0700;
				LastUpgradeCheck = 0800;
				ORGANIZATIONNAME = "Sami Purmonen";
				TargetAttributes = {
					265B7DDB1B053A080074450B = {
						CreatedOnToolsVersion = 6.3.1;
						DevelopmentTeam = 8E2ZH84HHV;
						LastSwiftMigration = 0800;
						ProvisioningStyle = Automatic;
					};
					265B7DF21B053A080074450B = {
						CreatedOnToolsVersion = 6.3.1;
						TestTargetID = 265B7DDB1B053A080074450B;
					};
				};
			};
			buildConfigurationList = 265B7DD71B053A080074450B /* Build configuration list for PBXProject "Armada" */;
			compatibilityVersion = "Xcode 3.2";
			developmentRegion = English;
			hasScannedForEncodings = 0;
			knownRegions = (
				en,
				Base,
			);
			mainGroup = 265B7DD31B053A080074450B;
			productRefGroup = 265B7DDD1B053A080074450B /* Products */;
			projectDirPath = "";
			projectRoot = "";
			targets = (
				265B7DDB1B053A080074450B /* Armada */,
				265B7DF21B053A080074450B /* ArmadaTests */,
			);
		};
/* End PBXProject section */

/* Begin PBXResourcesBuildPhase section */
		265B7DDA1B053A080074450B /* Resources */ = {
			isa = PBXResourcesBuildPhase;
			buildActionMask = 2147483647;
			files = (
				9FF3C5541F725CDC00822128 /* Lato-Heavy.ttf in Resources */,
				9FF3C5591F725CDC00822128 /* Lato-Medium.ttf in Resources */,
				9FF3C54F1F725CDC00822128 /* Lato-BlackItalic.ttf in Resources */,
				9FF3C5521F725CDC00822128 /* Lato-Hairline.ttf in Resources */,
				9FF3C5531F725CDC00822128 /* Lato-HairlineItalic.ttf in Resources */,
				9FF3C55D1F725CDC00822128 /* Lato-SemiboldItalic.ttf in Resources */,
				E3FCCC611DCEA82100A8FA02 /* Companies.sqlite-shm in Resources */,
				265B7DE91B053A080074450B /* Main.storyboard in Resources */,
				9FF3C5561F725CDC00822128 /* Lato-Italic.ttf in Resources */,
				9FF3C5511F725CDC00822128 /* Lato-BoldItalic.ttf in Resources */,
				9FB92B841F753A2F00671E5F /* circle_compressed.png in Resources */,
				9FF3C55C1F725CDC00822128 /* Lato-Semibold.ttf in Resources */,
				9F8331841F7296FF00BAC064 /* dateBanner.png in Resources */,
				E3FCCC631DCEA82100A8FA02 /* Companies.sqlite-wal in Resources */,
				265BE5311B1BB1B90097F245 /* worldMap.html in Resources */,
				9FF3C55B1F725CDC00822128 /* Lato-Regular.ttf in Resources */,
				265B7E041B0543820074450B /* fontawesome-webfont.ttf in Resources */,
				9FF3C5381F725BB400822128 /* BebasNeue-Light.otf in Resources */,
				9FF3C5371F725BB400822128 /* BebasNeue-Regular.otf in Resources */,
				E3FCCC5F1DCEA82100A8FA02 /* Companies.sqlite in Resources */,
				9FB92B801F752B5200671E5F /* armada_round_logo_green.png in Resources */,
				265B7DEE1B053A080074450B /* LaunchScreen.xib in Resources */,
				9FF3C5571F725CDC00822128 /* Lato-Light.ttf in Resources */,
				9FF3C5581F725CDC00822128 /* Lato-LightItalic.ttf in Resources */,
				9FF3C55F1F725CDC00822128 /* Lato-ThinItalic.ttf in Resources */,
				9FF3C55A1F725CDC00822128 /* Lato-MediumItalic.ttf in Resources */,
				265B7DEB1B053A080074450B /* Images.xcassets in Resources */,
				9FF3C5501F725CDC00822128 /* Lato-Bold.ttf in Resources */,
				9FF3C55E1F725CDC00822128 /* Lato-Thin.ttf in Resources */,
				9FF3C5551F725CDC00822128 /* Lato-HeavyItalic.ttf in Resources */,
				267C08C91B57EB0600E79C37 /* Launch.storyboard in Resources */,
				9FF3C5391F725BB400822128 /* BebasNeue-Book.otf in Resources */,
				9FF3C53A1F725BB400822128 /* BebasNeue-Bold.otf in Resources */,
				9FF3C54E1F725CDC00822128 /* Lato-Black.ttf in Resources */,
				9FF3C53B1F725BB400822128 /* BebasNeue-Thin.otf in Resources */,
			);
			runOnlyForDeploymentPostprocessing = 0;
		};
		265B7DF11B053A080074450B /* Resources */ = {
			isa = PBXResourcesBuildPhase;
			buildActionMask = 2147483647;
			files = (
				E3FCCC621DCEA82100A8FA02 /* Companies.sqlite-shm in Resources */,
				E3FCCC601DCEA82100A8FA02 /* Companies.sqlite in Resources */,
				E3FCCC641DCEA82100A8FA02 /* Companies.sqlite-wal in Resources */,
			);
			runOnlyForDeploymentPostprocessing = 0;
		};
/* End PBXResourcesBuildPhase section */

/* Begin PBXShellScriptBuildPhase section */
		01AD4052DFC7CD8C3AFC268A /* [CP] Embed Pods Frameworks */ = {
			isa = PBXShellScriptBuildPhase;
			buildActionMask = 2147483647;
			files = (
			);
			inputPaths = (
				"${SRCROOT}/Pods/Target Support Files/Pods-Armada/Pods-Armada-frameworks.sh",
				"${BUILT_PRODUCTS_DIR}/SwiftyJSON/SwiftyJSON.framework",
			);
			name = "[CP] Embed Pods Frameworks";
			outputPaths = (
				"${TARGET_BUILD_DIR}/${FRAMEWORKS_FOLDER_PATH}/SwiftyJSON.framework",
			);
			runOnlyForDeploymentPostprocessing = 0;
			shellPath = /bin/sh;
			shellScript = "\"${SRCROOT}/Pods/Target Support Files/Pods-Armada/Pods-Armada-frameworks.sh\"\n";
			showEnvVarsInLog = 0;
		};
		4C7F949F675E95AAF83E9784 /* [CP] Check Pods Manifest.lock */ = {
			isa = PBXShellScriptBuildPhase;
			buildActionMask = 2147483647;
			files = (
			);
			inputPaths = (
				"${PODS_PODFILE_DIR_PATH}/Podfile.lock",
				"${PODS_ROOT}/Manifest.lock",
			);
			name = "[CP] Check Pods Manifest.lock";
			outputPaths = (
				"$(DERIVED_FILE_DIR)/Pods-Armada-checkManifestLockResult.txt",
			);
			runOnlyForDeploymentPostprocessing = 0;
			shellPath = /bin/sh;
			shellScript = "diff \"${PODS_PODFILE_DIR_PATH}/Podfile.lock\" \"${PODS_ROOT}/Manifest.lock\" > /dev/null\nif [ $? != 0 ] ; then\n    # print error to STDERR\n    echo \"error: The sandbox is not in sync with the Podfile.lock. Run 'pod install' or update your CocoaPods installation.\" >&2\n    exit 1\nfi\n# This output is used by Xcode 'outputs' to avoid re-running this script phase.\necho \"SUCCESS\" > \"${SCRIPT_OUTPUT_FILE_0}\"\n";
			showEnvVarsInLog = 0;
		};
		9F1A20BB5D2441EA22FBA379 /* [CP] Copy Pods Resources */ = {
			isa = PBXShellScriptBuildPhase;
			buildActionMask = 2147483647;
			files = (
			);
			inputPaths = (
			);
			name = "[CP] Copy Pods Resources";
			outputPaths = (
			);
			runOnlyForDeploymentPostprocessing = 0;
			shellPath = /bin/sh;
			shellScript = "\"${SRCROOT}/Pods/Target Support Files/Pods-Armada/Pods-Armada-resources.sh\"\n";
			showEnvVarsInLog = 0;
		};
/* End PBXShellScriptBuildPhase section */

/* Begin PBXSourcesBuildPhase section */
		265B7DD81B053A080074450B /* Sources */ = {
			isa = PBXSourcesBuildPhase;
			buildActionMask = 2147483647;
			files = (
				260376851B8EB9EB0031F92F /* Programme.swift in Sources */,
				9F8696FE1F8D768400F6B4B3 /* MatchNavigationController.swift in Sources */,
				269C0D011B8E9BDE008FB633 /* WorkField+CoreDataProperties.swift in Sources */,
				9F821B511F6B2BBD0071BF28 /* AboutCollectionViewController.swift in Sources */,
				269C0CFE1B8E8D9F008FB633 /* Company.swift in Sources */,
				260376811B8EB7980031F92F /* CompanyValue.swift in Sources */,
				26C2EF941BA211FE00D125D8 /* CompanyTypeTableViewCell.swift in Sources */,
				2633574A1BC69DA30046D05E /* TitleDetailTableViewCell.swift in Sources */,
				9FB92B821F75349800671E5F /* NewsNavigationController.swift in Sources */,
				26B4697A1B5E858D00AE75E3 /* ScrollZoomTableViewController.swift in Sources */,
				269C0D091B8EB33D008FB633 /* Continent+CoreDataProperties.swift in Sources */,
				260376801B8EB7980031F92F /* CompanyValue+CoreDataProperties.swift in Sources */,
				9F8B09FB1F8CB8FA00FEA704 /* matchTravel.swift in Sources */,
				9F821B531F6B2C010071BF28 /* PartnerCollectionViewCell.swift in Sources */,
				912E059C1F7EDD920088B6C6 /* EventDetailViewController.swift in Sources */,
				9F09154F1F71A36D006BAB1D /* SmallWhiteCell.swift in Sources */,
				269C0D051B8EAE5B008FB633 /* JobType+CoreDataProperties.swift in Sources */,
				914823A61F7ED830007037F3 /* ArmadaEventTableViewController.swift in Sources */,
				914823A81F7ED8B7007037F3 /* ArmadaEventTableViewCell.swift in Sources */,
				2602AD551B14F2A100B0DB32 /* ArmadaApi.swift in Sources */,
				9F8B09FD1F8CB92000FEA704 /* matchDataClass.swift in Sources */,
				26D45D091BA4FBD7004A786B /* CompanyBoolCell.swift in Sources */,
				9F821B4C1F6B2ACD0071BF28 /* AboutHeaderCollectionReusableView.swift in Sources */,
				2601191D1BA600D500540ED5 /* WorkWay.swift in Sources */,
				9F793D6F1ED360A0002C36E3 /* NewsViewController.swift in Sources */,
				26EE7B701BED3B3C00752ADF /* CompanyFilter.swift in Sources */,
				26BD3D3D1B1607D800CD0572 /* CommonExtensions.swift in Sources */,
				91E701C51F7A2BCB00422500 /* ArmadaViewController.swift in Sources */,
				2601191C1BA600D500540ED5 /* WorkWay+CoreDataProperties.swift in Sources */,
				9F8B09EF1F8CB87E00FEA704 /* matchInterest.swift in Sources */,
				269C0CFA1B8E8D18008FB633 /* CompanyModel.xcdatamodeld in Sources */,
				91DA4A571F8FC788005EE814 /* EventTableViewCell.swift in Sources */,
				9F821B4F1F6B2B680071BF28 /* ArmadaCollectionViewDataSource.swift in Sources */,
				9F8B09F91F8CB8E600FEA704 /* matchTeam.swift in Sources */,
				9F09154D1F712B5E006BAB1D /* LargeWhiteCell.swift in Sources */,
				9F8B09F31F8CB8A500FEA704 /* matchSelectInterest.swift in Sources */,
				269C0CFD1B8E8D9F008FB633 /* Company+CoreDataProperties.swift in Sources */,
				269A223C1B1CF45B00023BE8 /* TabBarController.swift in Sources */,
				26CE1F561B21E8F3009FDD22 /* AddCompanyPropertyTableViewController.swift in Sources */,
				269C0D0A1B8EB33D008FB633 /* Continent.swift in Sources */,
				911FCF9C1F7A176D0007FE5F /* NewsArticleViewController.swift in Sources */,
				91D8B1BD1F78E18500E18A7F /* TopWhiteCell.swift in Sources */,
				26A15D401B07C5F500793724 /* CompanyFilterTableViewController.swift in Sources */,
				9F8B09ED1F8CB86500FEA704 /* matchEnd.swift in Sources */,
				91DA4A551F8FC691005EE814 /* EventTableViewController.swift in Sources */,
				260376841B8EB9EB0031F92F /* Programme+CoreDataProperties.swift in Sources */,
				265B7DE21B053A080074450B /* AppDelegate.swift in Sources */,
				9F8B09F51F8CB8BC00FEA704 /* matchStart.swift in Sources */,
				26C652691BB5FBEA00798FBE /* ArmadaTableViewDataSource.swift in Sources */,
				26BD3D3B1B1607AF00CD0572 /* FavoriteCompanies.swift in Sources */,
				9F8B09F11F8CB89300FEA704 /* matchLooking.swift in Sources */,
				269C0D021B8E9BDE008FB633 /* WorkField.swift in Sources */,
				9F8B09F71F8CB8D300FEA704 /* matchSweden.swift in Sources */,
				9F8B09E91F8CB7E800FEA704 /* matchWorld.swift in Sources */,
				269C0D061B8EAE5B008FB633 /* JobType.swift in Sources */,
			);
			runOnlyForDeploymentPostprocessing = 0;
		};
		265B7DEF1B053A080074450B /* Sources */ = {
			isa = PBXSourcesBuildPhase;
			buildActionMask = 2147483647;
			files = (
			);
			runOnlyForDeploymentPostprocessing = 0;
		};
/* End PBXSourcesBuildPhase section */

/* Begin PBXTargetDependency section */
		265B7DF51B053A080074450B /* PBXTargetDependency */ = {
			isa = PBXTargetDependency;
			target = 265B7DDB1B053A080074450B /* Armada */;
			targetProxy = 265B7DF41B053A080074450B /* PBXContainerItemProxy */;
		};
/* End PBXTargetDependency section */

/* Begin PBXVariantGroup section */
		265B7DE71B053A080074450B /* Main.storyboard */ = {
			isa = PBXVariantGroup;
			children = (
				265B7DE81B053A080074450B /* Base */,
			);
			name = Main.storyboard;
			sourceTree = "<group>";
		};
		265B7DEC1B053A080074450B /* LaunchScreen.xib */ = {
			isa = PBXVariantGroup;
			children = (
				265B7DED1B053A080074450B /* Base */,
			);
			name = LaunchScreen.xib;
			sourceTree = "<group>";
		};
/* End PBXVariantGroup section */

/* Begin XCBuildConfiguration section */
		265B7DFB1B053A080074450B /* Debug */ = {
			isa = XCBuildConfiguration;
			buildSettings = {
				ALWAYS_SEARCH_USER_PATHS = NO;
				CLANG_CXX_LANGUAGE_STANDARD = "gnu++0x";
				CLANG_CXX_LIBRARY = "libc++";
				CLANG_ENABLE_MODULES = YES;
				CLANG_ENABLE_OBJC_ARC = YES;
				CLANG_WARN_BOOL_CONVERSION = YES;
				CLANG_WARN_CONSTANT_CONVERSION = YES;
				CLANG_WARN_DIRECT_OBJC_ISA_USAGE = YES_ERROR;
				CLANG_WARN_EMPTY_BODY = YES;
				CLANG_WARN_ENUM_CONVERSION = YES;
				CLANG_WARN_INFINITE_RECURSION = YES;
				CLANG_WARN_INT_CONVERSION = YES;
				CLANG_WARN_OBJC_ROOT_CLASS = YES_ERROR;
				CLANG_WARN_SUSPICIOUS_MOVE = YES;
				CLANG_WARN_UNREACHABLE_CODE = YES;
				CLANG_WARN__DUPLICATE_METHOD_MATCH = YES;
				"CODE_SIGN_IDENTITY[sdk=iphoneos*]" = "iPhone Developer";
				COPY_PHASE_STRIP = NO;
				DEBUG_INFORMATION_FORMAT = "dwarf-with-dsym";
				ENABLE_STRICT_OBJC_MSGSEND = YES;
				ENABLE_TESTABILITY = YES;
				GCC_C_LANGUAGE_STANDARD = gnu99;
				GCC_DYNAMIC_NO_PIC = NO;
				GCC_NO_COMMON_BLOCKS = YES;
				GCC_OPTIMIZATION_LEVEL = 0;
				GCC_PREPROCESSOR_DEFINITIONS = (
					"DEBUG=1",
					"$(inherited)",
				);
				GCC_SYMBOLS_PRIVATE_EXTERN = NO;
				GCC_WARN_64_TO_32_BIT_CONVERSION = YES;
				GCC_WARN_ABOUT_RETURN_TYPE = YES_ERROR;
				GCC_WARN_UNDECLARED_SELECTOR = YES;
				GCC_WARN_UNINITIALIZED_AUTOS = YES_AGGRESSIVE;
				GCC_WARN_UNUSED_FUNCTION = YES;
				GCC_WARN_UNUSED_VARIABLE = YES;
				IPHONEOS_DEPLOYMENT_TARGET = 8.0;
				MTL_ENABLE_DEBUG_INFO = YES;
				ONLY_ACTIVE_ARCH = YES;
				SDKROOT = iphoneos;
				SWIFT_OPTIMIZATION_LEVEL = "-Onone";
			};
			name = Debug;
		};
		265B7DFC1B053A080074450B /* Release */ = {
			isa = XCBuildConfiguration;
			buildSettings = {
				ALWAYS_SEARCH_USER_PATHS = NO;
				CLANG_CXX_LANGUAGE_STANDARD = "gnu++0x";
				CLANG_CXX_LIBRARY = "libc++";
				CLANG_ENABLE_MODULES = YES;
				CLANG_ENABLE_OBJC_ARC = YES;
				CLANG_WARN_BOOL_CONVERSION = YES;
				CLANG_WARN_CONSTANT_CONVERSION = YES;
				CLANG_WARN_DIRECT_OBJC_ISA_USAGE = YES_ERROR;
				CLANG_WARN_EMPTY_BODY = YES;
				CLANG_WARN_ENUM_CONVERSION = YES;
				CLANG_WARN_INFINITE_RECURSION = YES;
				CLANG_WARN_INT_CONVERSION = YES;
				CLANG_WARN_OBJC_ROOT_CLASS = YES_ERROR;
				CLANG_WARN_SUSPICIOUS_MOVE = YES;
				CLANG_WARN_UNREACHABLE_CODE = YES;
				CLANG_WARN__DUPLICATE_METHOD_MATCH = YES;
				"CODE_SIGN_IDENTITY[sdk=iphoneos*]" = "iPhone Developer";
				COPY_PHASE_STRIP = NO;
				DEBUG_INFORMATION_FORMAT = "dwarf-with-dsym";
				ENABLE_NS_ASSERTIONS = NO;
				ENABLE_STRICT_OBJC_MSGSEND = YES;
				GCC_C_LANGUAGE_STANDARD = gnu99;
				GCC_NO_COMMON_BLOCKS = YES;
				GCC_WARN_64_TO_32_BIT_CONVERSION = YES;
				GCC_WARN_ABOUT_RETURN_TYPE = YES_ERROR;
				GCC_WARN_UNDECLARED_SELECTOR = YES;
				GCC_WARN_UNINITIALIZED_AUTOS = YES_AGGRESSIVE;
				GCC_WARN_UNUSED_FUNCTION = YES;
				GCC_WARN_UNUSED_VARIABLE = YES;
				IPHONEOS_DEPLOYMENT_TARGET = 8.0;
				MTL_ENABLE_DEBUG_INFO = NO;
				SDKROOT = iphoneos;
				SWIFT_OPTIMIZATION_LEVEL = "-Owholemodule";
				VALIDATE_PRODUCT = YES;
			};
			name = Release;
		};
		265B7DFE1B053A080074450B /* Debug */ = {
			isa = XCBuildConfiguration;
			baseConfigurationReference = 6B671CB0C8CEC3C4830CACBB /* Pods-Armada.debug.xcconfig */;
			buildSettings = {
				ASSETCATALOG_COMPILER_APPICON_NAME = "AppIcon-1";
				CODE_SIGN_IDENTITY = "iPhone Developer";
				"CODE_SIGN_IDENTITY[sdk=iphoneos*]" = "iPhone Developer";
				DEVELOPMENT_TEAM = 8E2ZH84HHV;
				INFOPLIST_FILE = Teststs/Info.plist;
				IPHONEOS_DEPLOYMENT_TARGET = 10.0;
				LD_RUNPATH_SEARCH_PATHS = "$(inherited) @executable_path/Frameworks";
				PRODUCT_BUNDLE_IDENTIFIER = se.ths.kth.Aramda;
				PRODUCT_NAME = Armada;
				PROVISIONING_PROFILE = "";
				SWIFT_VERSION = 3.0;
				TARGETED_DEVICE_FAMILY = 1;
			};
			name = Debug;
		};
		265B7DFF1B053A080074450B /* Release */ = {
			isa = XCBuildConfiguration;
			baseConfigurationReference = F0087BC68241597157F34BCB /* Pods-Armada.release.xcconfig */;
			buildSettings = {
				ASSETCATALOG_COMPILER_APPICON_NAME = "AppIcon-1";
				CODE_SIGN_IDENTITY = "iPhone Developer";
				"CODE_SIGN_IDENTITY[sdk=iphoneos*]" = "iPhone Developer";
				DEVELOPMENT_TEAM = 8E2ZH84HHV;
				INFOPLIST_FILE = Teststs/Info.plist;
				IPHONEOS_DEPLOYMENT_TARGET = 10.0;
				LD_RUNPATH_SEARCH_PATHS = "$(inherited) @executable_path/Frameworks";
				PRODUCT_BUNDLE_IDENTIFIER = se.ths.kth.Aramda;
				PRODUCT_NAME = Armada;
				PROVISIONING_PROFILE = "";
				SWIFT_VERSION = 3.0;
				TARGETED_DEVICE_FAMILY = 1;
			};
			name = Release;
		};
		265B7E011B053A080074450B /* Debug */ = {
			isa = XCBuildConfiguration;
			buildSettings = {
				BUNDLE_LOADER = "$(TEST_HOST)";
				FRAMEWORK_SEARCH_PATHS = (
					"$(SDKROOT)/Developer/Library/Frameworks",
					"$(inherited)",
				);
				GCC_PREPROCESSOR_DEFINITIONS = (
					"DEBUG=1",
					"$(inherited)",
				);
				INFOPLIST_FILE = TeststsTests/Info.plist;
				LD_RUNPATH_SEARCH_PATHS = "$(inherited) @executable_path/Frameworks @loader_path/Frameworks";
				PRODUCT_BUNDLE_IDENTIFIER = "Monafide.$(PRODUCT_NAME:rfc1034identifier)";
				PRODUCT_NAME = Armada;
				TEST_HOST = "$(BUILT_PRODUCTS_DIR)/Armada.app/Armada";
			};
			name = Debug;
		};
		265B7E021B053A080074450B /* Release */ = {
			isa = XCBuildConfiguration;
			buildSettings = {
				BUNDLE_LOADER = "$(TEST_HOST)";
				FRAMEWORK_SEARCH_PATHS = (
					"$(SDKROOT)/Developer/Library/Frameworks",
					"$(inherited)",
				);
				INFOPLIST_FILE = TeststsTests/Info.plist;
				LD_RUNPATH_SEARCH_PATHS = "$(inherited) @executable_path/Frameworks @loader_path/Frameworks";
				PRODUCT_BUNDLE_IDENTIFIER = "Monafide.$(PRODUCT_NAME:rfc1034identifier)";
				PRODUCT_NAME = Armada;
				TEST_HOST = "$(BUILT_PRODUCTS_DIR)/Armada.app/Armada";
			};
			name = Release;
		};
/* End XCBuildConfiguration section */

/* Begin XCConfigurationList section */
		265B7DD71B053A080074450B /* Build configuration list for PBXProject "Armada" */ = {
			isa = XCConfigurationList;
			buildConfigurations = (
				265B7DFB1B053A080074450B /* Debug */,
				265B7DFC1B053A080074450B /* Release */,
			);
			defaultConfigurationIsVisible = 0;
			defaultConfigurationName = Release;
		};
		265B7DFD1B053A080074450B /* Build configuration list for PBXNativeTarget "Armada" */ = {
			isa = XCConfigurationList;
			buildConfigurations = (
				265B7DFE1B053A080074450B /* Debug */,
				265B7DFF1B053A080074450B /* Release */,
			);
			defaultConfigurationIsVisible = 0;
			defaultConfigurationName = Release;
		};
		265B7E001B053A080074450B /* Build configuration list for PBXNativeTarget "ArmadaTests" */ = {
			isa = XCConfigurationList;
			buildConfigurations = (
				265B7E011B053A080074450B /* Debug */,
				265B7E021B053A080074450B /* Release */,
			);
			defaultConfigurationIsVisible = 0;
			defaultConfigurationName = Release;
		};
/* End XCConfigurationList section */

/* Begin XCVersionGroup section */
		269C0CF81B8E8D18008FB633 /* CompanyModel.xcdatamodeld */ = {
			isa = XCVersionGroup;
			children = (
				269C0CF91B8E8D18008FB633 /* CompanyModel.xcdatamodel */,
			);
			currentVersion = 269C0CF91B8E8D18008FB633 /* CompanyModel.xcdatamodel */;
			path = CompanyModel.xcdatamodeld;
			sourceTree = "<group>";
			versionGroupType = wrapper.xcdatamodel;
		};
/* End XCVersionGroup section */
	};
	rootObject = 265B7DD41B053A080074450B /* Project object */;
}
